PODS:
  - FlexibleDiff (0.0.3)

DEPENDENCIES:
  - FlexibleDiff (from `https://github.com/RACCommunity/FlexibleDiff.git`, branch `sectioned-diffing`)

EXTERNAL SOURCES:
  FlexibleDiff:
    :branch: sectioned-diffing
    :git: https://github.com/RACCommunity/FlexibleDiff.git

CHECKOUT OPTIONS:
  FlexibleDiff:
    :commit: 3e4ff884ae4792d8b7fefc3dba2bf5c7b60678a4
    :git: https://github.com/RACCommunity/FlexibleDiff.git

SPEC CHECKSUMS:
  FlexibleDiff: 11756a751062f462b3faae170abef7084c8b0c98

PODFILE CHECKSUM: 1d297b934653bce0251a5b8bb4bd12f9063fdd92

COCOAPODS: 1.4.0
