// !$*UTF8*$!
{
	archiveVersion = 1;
	classes = {
	};
	objectVersion = 48;
	objects = {

/* Begin PBXBuildFile section */
		258A9B7A20BC76A500DF4E6F /* StatefulToggle.swift in Sources */ = {isa = PBXBuildFile; fileRef = 258A9B7920BC76A500DF4E6F /* StatefulToggle.swift */; };
		258A9B7C20BC76F900DF4E6F /* StatefulToggleView.xib in Resources */ = {isa = PBXBuildFile; fileRef = 258A9B7B20BC76F900DF4E6F /* StatefulToggleView.xib */; };
		515F94097C1F82B7E5C2DE0C /* Section.swift in Sources */ = {isa = PBXBuildFile; fileRef = 515F9EAF847DD1D68DE3A48C /* Section.swift */; };
		5829D269200FB092001E020D /* AppDelegate.swift in Sources */ = {isa = PBXBuildFile; fileRef = 5829D268200FB092001E020D /* AppDelegate.swift */; };
		5829D26B200FB092001E020D /* ViewController.swift in Sources */ = {isa = PBXBuildFile; fileRef = 5829D26A200FB092001E020D /* ViewController.swift */; };
		5829D26E200FB092001E020D /* Main.storyboard in Resources */ = {isa = PBXBuildFile; fileRef = 5829D26C200FB092001E020D /* Main.storyboard */; };
		5829D270200FB092001E020D /* Assets.xcassets in Resources */ = {isa = PBXBuildFile; fileRef = 5829D26F200FB092001E020D /* Assets.xcassets */; };
		5829D273200FB092001E020D /* LaunchScreen.storyboard in Resources */ = {isa = PBXBuildFile; fileRef = 5829D271200FB092001E020D /* LaunchScreen.storyboard */; };
		58467B03202B33F200577C77 /* TableViewSectionDiff.swift in Sources */ = {isa = PBXBuildFile; fileRef = 58467B02202B33F200577C77 /* TableViewSectionDiff.swift */; };
		5857BECA2056F02C0085EB9C /* If.swift in Sources */ = {isa = PBXBuildFile; fileRef = 5857BEC92056F02C0085EB9C /* If.swift */; };
		587F0718201B355800ACD219 /* TableViewCell.swift in Sources */ = {isa = PBXBuildFile; fileRef = 587F0717201B355800ACD219 /* TableViewCell.swift */; };
		58BA75602016303B0050D5F1 /* Bento.h in Headers */ = {isa = PBXBuildFile; fileRef = 58BA755E2016303B0050D5F1 /* Bento.h */; settings = {ATTRIBUTES = (Public, ); }; };
		58BA7584201633CC0050D5F1 /* Renderable.swift in Sources */ = {isa = PBXBuildFile; fileRef = 58BA7583201633CC0050D5F1 /* Renderable.swift */; };
		58BA7586201634120050D5F1 /* Helpers.swift in Sources */ = {isa = PBXBuildFile; fileRef = 58BA7585201634120050D5F1 /* Helpers.swift */; };
		58D0F12D207F573B00A24E96 /* TableViewAnimation.swift in Sources */ = {isa = PBXBuildFile; fileRef = 58D0F12C207F573B00A24E96 /* TableViewAnimation.swift */; };
		58E98E5B2016571F00F78BAE /* IconTextCell.xib in Resources */ = {isa = PBXBuildFile; fileRef = 58E98E552016571F00F78BAE /* IconTextCell.xib */; };
		58E98E5C2016571F00F78BAE /* ToggleCell.xib in Resources */ = {isa = PBXBuildFile; fileRef = 58E98E562016571F00F78BAE /* ToggleCell.xib */; };
		58E98E5D2016571F00F78BAE /* ToggleCell.swift in Sources */ = {isa = PBXBuildFile; fileRef = 58E98E572016571F00F78BAE /* ToggleCell.swift */; };
		58E98E5E2016571F00F78BAE /* EmptySpaceCell.xib in Resources */ = {isa = PBXBuildFile; fileRef = 58E98E582016571F00F78BAE /* EmptySpaceCell.xib */; };
		58E98E5F2016571F00F78BAE /* EmptySpaceCell.swift in Sources */ = {isa = PBXBuildFile; fileRef = 58E98E592016571F00F78BAE /* EmptySpaceCell.swift */; };
		58E98E602016571F00F78BAE /* IconTextCell.swift in Sources */ = {isa = PBXBuildFile; fileRef = 58E98E5A2016571F00F78BAE /* IconTextCell.swift */; };
		58E98E63201889B900F78BAE /* AnyRenderable.swift in Sources */ = {isa = PBXBuildFile; fileRef = 58E98E62201889B900F78BAE /* AnyRenderable.swift */; };
		58FC4427207CF2BB00DA3614 /* AnyRenderableTests.swift in Sources */ = {isa = PBXBuildFile; fileRef = 9A3EF77F205D866F00D043AC /* AnyRenderableTests.swift */; };
		58FC4428207CF2BB00DA3614 /* TestId.swift in Sources */ = {isa = PBXBuildFile; fileRef = 9A784702205EB61D00FA597E /* TestId.swift */; };
		58FC4429207CF2BB00DA3614 /* TestRenderable.swift in Sources */ = {isa = PBXBuildFile; fileRef = 9A784700205EB5E000FA597E /* TestRenderable.swift */; };
		58FC442A207CF2BB00DA3614 /* NodeTests.swift in Sources */ = {isa = PBXBuildFile; fileRef = 9A7846FC205EAF7C00FA597E /* NodeTests.swift */; };
		58FC442B207CF2BB00DA3614 /* SectionTests.swift in Sources */ = {isa = PBXBuildFile; fileRef = 9A7846FE205EAF8400FA597E /* SectionTests.swift */; };
		58FC442F207CF37700DA3614 /* script in Resources */ = {isa = PBXBuildFile; fileRef = 58FC442E207CF37700DA3614 /* script */; };
		58FC4430207CF3CD00DA3614 /* Bento.framework in Frameworks */ = {isa = PBXBuildFile; fileRef = 58BA755C2016303B0050D5F1 /* Bento.framework */; };
		58FC4431207CF3CD00DA3614 /* Bento.framework in Embed Frameworks */ = {isa = PBXBuildFile; fileRef = 58BA755C2016303B0050D5F1 /* Bento.framework */; settings = {ATTRIBUTES = (CodeSignOnCopy, RemoveHeadersOnCopy, ); }; };
		58FC4441207CFBD700DA3614 /* MovieComponentView.swift in Sources */ = {isa = PBXBuildFile; fileRef = 58FC4437207CFBD600DA3614 /* MovieComponentView.swift */; };
		58FC4442207CFBD700DA3614 /* LoadingIndicatorView.xib in Resources */ = {isa = PBXBuildFile; fileRef = 58FC4438207CFBD600DA3614 /* LoadingIndicatorView.xib */; };
		58FC4443207CFBD700DA3614 /* SegmetControlView.xib in Resources */ = {isa = PBXBuildFile; fileRef = 58FC4439207CFBD700DA3614 /* SegmetControlView.xib */; };
		58FC4444207CFBD700DA3614 /* SegmetControlView.swift in Sources */ = {isa = PBXBuildFile; fileRef = 58FC443A207CFBD700DA3614 /* SegmetControlView.swift */; };
		58FC4445207CFBD700DA3614 /* LoadingIndicatorView.swift in Sources */ = {isa = PBXBuildFile; fileRef = 58FC443B207CFBD700DA3614 /* LoadingIndicatorView.swift */; };
		58FC4446207CFBD700DA3614 /* ButtonComponentView.xib in Resources */ = {isa = PBXBuildFile; fileRef = 58FC443C207CFBD700DA3614 /* ButtonComponentView.xib */; };
		58FC4447207CFBD700DA3614 /* ButtonComponentView.swift in Sources */ = {isa = PBXBuildFile; fileRef = 58FC443D207CFBD700DA3614 /* ButtonComponentView.swift */; };
		58FC4448207CFBD700DA3614 /* IconTitleDetailsView.xib in Resources */ = {isa = PBXBuildFile; fileRef = 58FC443E207CFBD700DA3614 /* IconTitleDetailsView.xib */; };
		58FC4449207CFBD700DA3614 /* IconTitleDetailsView.swift in Sources */ = {isa = PBXBuildFile; fileRef = 58FC443F207CFBD700DA3614 /* IconTitleDetailsView.swift */; };
		58FC444A207CFBD700DA3614 /* MovieComponentView.xib in Resources */ = {isa = PBXBuildFile; fileRef = 58FC4440207CFBD700DA3614 /* MovieComponentView.xib */; };
		58FC444D207CFBE200DA3614 /* BookAppointmentViewController.swift in Sources */ = {isa = PBXBuildFile; fileRef = 58FC444B207CFBE100DA3614 /* BookAppointmentViewController.swift */; };
		58FC444E207CFBE200DA3614 /* MoviesListViewController.swift in Sources */ = {isa = PBXBuildFile; fileRef = 58FC444C207CFBE200DA3614 /* MoviesListViewController.swift */; };
		740921B620ACDDDA00B59F5C /* IfTests.swift in Sources */ = {isa = PBXBuildFile; fileRef = 740921B520ACDDDA00B59F5C /* IfTests.swift */; };
		740921B820ACE5EC00B59F5C /* ConcatenationTests.swift in Sources */ = {isa = PBXBuildFile; fileRef = 740921B720ACE5EC00B59F5C /* ConcatenationTests.swift */; };
		74208FA12083B1F00062CC8D /* Nimble.framework in Frameworks */ = {isa = PBXBuildFile; fileRef = 74208FA22083B1F00062CC8D /* Nimble.framework */; };
		747523C72083A6660030CCAA /* FlexibleDiff.framework in Frameworks */ = {isa = PBXBuildFile; fileRef = 747523C82083A6660030CCAA /* FlexibleDiff.framework */; };
		74C7FE982083A990005C8B53 /* Result.framework in Frameworks */ = {isa = PBXBuildFile; fileRef = 74C7FE972083A990005C8B53 /* Result.framework */; };
		74C7FE992083A990005C8B53 /* Result.framework in Embed Frameworks */ = {isa = PBXBuildFile; fileRef = 74C7FE972083A990005C8B53 /* Result.framework */; settings = {ATTRIBUTES = (CodeSignOnCopy, RemoveHeadersOnCopy, ); }; };
		74C7FE9B2083A99F005C8B53 /* ReactiveSwift.framework in Frameworks */ = {isa = PBXBuildFile; fileRef = 74C7FE9A2083A99F005C8B53 /* ReactiveSwift.framework */; };
		74C7FE9C2083A99F005C8B53 /* ReactiveSwift.framework in Embed Frameworks */ = {isa = PBXBuildFile; fileRef = 74C7FE9A2083A99F005C8B53 /* ReactiveSwift.framework */; settings = {ATTRIBUTES = (CodeSignOnCopy, RemoveHeadersOnCopy, ); }; };
		74C7FE9E2083A9AA005C8B53 /* ReactiveCocoa.framework in Frameworks */ = {isa = PBXBuildFile; fileRef = 74C7FE9D2083A9AA005C8B53 /* ReactiveCocoa.framework */; };
		74C7FE9F2083A9AA005C8B53 /* ReactiveCocoa.framework in Embed Frameworks */ = {isa = PBXBuildFile; fileRef = 74C7FE9D2083A9AA005C8B53 /* ReactiveCocoa.framework */; settings = {ATTRIBUTES = (CodeSignOnCopy, RemoveHeadersOnCopy, ); }; };
		74C7FEA12083A9B4005C8B53 /* Kingfisher.framework in Frameworks */ = {isa = PBXBuildFile; fileRef = 74C7FEA02083A9B4005C8B53 /* Kingfisher.framework */; };
		74C7FEA22083A9B4005C8B53 /* Kingfisher.framework in Embed Frameworks */ = {isa = PBXBuildFile; fileRef = 74C7FEA02083A9B4005C8B53 /* Kingfisher.framework */; settings = {ATTRIBUTES = (CodeSignOnCopy, RemoveHeadersOnCopy, ); }; };
		74C7FEA42083AC0E005C8B53 /* ReactiveFeedback.framework in Frameworks */ = {isa = PBXBuildFile; fileRef = 74C7FEA32083AC0E005C8B53 /* ReactiveFeedback.framework */; };
		74C7FEA52083AC0E005C8B53 /* ReactiveFeedback.framework in Embed Frameworks */ = {isa = PBXBuildFile; fileRef = 74C7FEA32083AC0E005C8B53 /* ReactiveFeedback.framework */; settings = {ATTRIBUTES = (CodeSignOnCopy, RemoveHeadersOnCopy, ); }; };
		A67A873520B5D2D100BC2BAC /* RenderableTests.swift in Sources */ = {isa = PBXBuildFile; fileRef = A67A873420B5D2D100BC2BAC /* RenderableTests.swift */; };
		A95093B3B7AD6DC69644BCA6 /* SectionedFormAdapter.swift in Sources */ = {isa = PBXBuildFile; fileRef = A9509BC2762C8B4277B973D8 /* SectionedFormAdapter.swift */; };
		A9509880661501C40B50E453 /* TableViewHeaderFooterView.swift in Sources */ = {isa = PBXBuildFile; fileRef = A950970749997A21E1BF7777 /* TableViewHeaderFooterView.swift */; };
		A9509C4FC3664040FF3649CD /* Node.swift in Sources */ = {isa = PBXBuildFile; fileRef = A95093DB10046D731018127D /* Node.swift */; };
		A9509FB12CAD89179FAA03B0 /* Box.swift in Sources */ = {isa = PBXBuildFile; fileRef = A950967CC717BBF3B02B766D /* Box.swift */; };
/* End PBXBuildFile section */

/* Begin PBXContainerItemProxy section */
		58FC4422207CF29F00DA3614 /* PBXContainerItemProxy */ = {
			isa = PBXContainerItemProxy;
			containerPortal = 5829D25D200FB092001E020D /* Project object */;
			proxyType = 1;
			remoteGlobalIDString = 5829D264200FB092001E020D;
			remoteInfo = Example;
		};
		58FC4432207CF3CD00DA3614 /* PBXContainerItemProxy */ = {
			isa = PBXContainerItemProxy;
			containerPortal = 5829D25D200FB092001E020D /* Project object */;
			proxyType = 1;
			remoteGlobalIDString = 58BA755B2016303B0050D5F1;
			remoteInfo = Bento;
		};
/* End PBXContainerItemProxy section */

/* Begin PBXCopyFilesBuildPhase section */
		58FC4434207CF3CE00DA3614 /* Embed Frameworks */ = {
			isa = PBXCopyFilesBuildPhase;
			buildActionMask = 2147483647;
			dstPath = "";
			dstSubfolderSpec = 10;
			files = (
				74C7FEA52083AC0E005C8B53 /* ReactiveFeedback.framework in Embed Frameworks */,
				74C7FEA22083A9B4005C8B53 /* Kingfisher.framework in Embed Frameworks */,
				58FC4431207CF3CD00DA3614 /* Bento.framework in Embed Frameworks */,
				74C7FE992083A990005C8B53 /* Result.framework in Embed Frameworks */,
				74C7FE9C2083A99F005C8B53 /* ReactiveSwift.framework in Embed Frameworks */,
				74C7FE9F2083A9AA005C8B53 /* ReactiveCocoa.framework in Embed Frameworks */,
			);
			name = "Embed Frameworks";
			runOnlyForDeploymentPostprocessing = 0;
		};
/* End PBXCopyFilesBuildPhase section */

/* Begin PBXFileReference section */
		258A9B7920BC76A500DF4E6F /* StatefulToggle.swift */ = {isa = PBXFileReference; lastKnownFileType = sourcecode.swift; path = StatefulToggle.swift; sourceTree = "<group>"; };
		258A9B7B20BC76F900DF4E6F /* StatefulToggleView.xib */ = {isa = PBXFileReference; lastKnownFileType = file.xib; path = StatefulToggleView.xib; sourceTree = "<group>"; };
		515F9EAF847DD1D68DE3A48C /* Section.swift */ = {isa = PBXFileReference; fileEncoding = 4; lastKnownFileType = sourcecode.swift; path = Section.swift; sourceTree = "<group>"; };
		5829D265200FB092001E020D /* Example.app */ = {isa = PBXFileReference; explicitFileType = wrapper.application; includeInIndex = 0; path = Example.app; sourceTree = BUILT_PRODUCTS_DIR; };
		5829D268200FB092001E020D /* AppDelegate.swift */ = {isa = PBXFileReference; lastKnownFileType = sourcecode.swift; path = AppDelegate.swift; sourceTree = "<group>"; };
		5829D26A200FB092001E020D /* ViewController.swift */ = {isa = PBXFileReference; lastKnownFileType = sourcecode.swift; path = ViewController.swift; sourceTree = "<group>"; };
		5829D26D200FB092001E020D /* Base */ = {isa = PBXFileReference; lastKnownFileType = file.storyboard; name = Base; path = Base.lproj/Main.storyboard; sourceTree = "<group>"; };
		5829D26F200FB092001E020D /* Assets.xcassets */ = {isa = PBXFileReference; lastKnownFileType = folder.assetcatalog; path = Assets.xcassets; sourceTree = "<group>"; };
		5829D272200FB092001E020D /* Base */ = {isa = PBXFileReference; lastKnownFileType = file.storyboard; name = Base; path = Base.lproj/LaunchScreen.storyboard; sourceTree = "<group>"; };
		5829D274200FB092001E020D /* Info.plist */ = {isa = PBXFileReference; lastKnownFileType = text.plist.xml; path = Info.plist; sourceTree = "<group>"; };
		58467B02202B33F200577C77 /* TableViewSectionDiff.swift */ = {isa = PBXFileReference; fileEncoding = 4; lastKnownFileType = sourcecode.swift; path = TableViewSectionDiff.swift; sourceTree = "<group>"; };
		5857BEC92056F02C0085EB9C /* If.swift */ = {isa = PBXFileReference; lastKnownFileType = sourcecode.swift; path = If.swift; sourceTree = "<group>"; };
		587F0717201B355800ACD219 /* TableViewCell.swift */ = {isa = PBXFileReference; lastKnownFileType = sourcecode.swift; path = TableViewCell.swift; sourceTree = "<group>"; };
		58BA755C2016303B0050D5F1 /* Bento.framework */ = {isa = PBXFileReference; explicitFileType = wrapper.framework; includeInIndex = 0; path = Bento.framework; sourceTree = BUILT_PRODUCTS_DIR; };
		58BA755E2016303B0050D5F1 /* Bento.h */ = {isa = PBXFileReference; lastKnownFileType = sourcecode.c.h; path = Bento.h; sourceTree = "<group>"; };
		58BA755F2016303B0050D5F1 /* Info.plist */ = {isa = PBXFileReference; lastKnownFileType = text.plist.xml; path = Info.plist; sourceTree = "<group>"; };
		58BA7583201633CC0050D5F1 /* Renderable.swift */ = {isa = PBXFileReference; lastKnownFileType = sourcecode.swift; path = Renderable.swift; sourceTree = "<group>"; };
		58BA7585201634120050D5F1 /* Helpers.swift */ = {isa = PBXFileReference; lastKnownFileType = sourcecode.swift; path = Helpers.swift; sourceTree = "<group>"; };
		58D0F12C207F573B00A24E96 /* TableViewAnimation.swift */ = {isa = PBXFileReference; lastKnownFileType = sourcecode.swift; path = TableViewAnimation.swift; sourceTree = "<group>"; };
		58E98E552016571F00F78BAE /* IconTextCell.xib */ = {isa = PBXFileReference; fileEncoding = 4; lastKnownFileType = file.xib; path = IconTextCell.xib; sourceTree = "<group>"; };
		58E98E562016571F00F78BAE /* ToggleCell.xib */ = {isa = PBXFileReference; fileEncoding = 4; lastKnownFileType = file.xib; path = ToggleCell.xib; sourceTree = "<group>"; };
		58E98E572016571F00F78BAE /* ToggleCell.swift */ = {isa = PBXFileReference; fileEncoding = 4; lastKnownFileType = sourcecode.swift; path = ToggleCell.swift; sourceTree = "<group>"; };
		58E98E582016571F00F78BAE /* EmptySpaceCell.xib */ = {isa = PBXFileReference; fileEncoding = 4; lastKnownFileType = file.xib; path = EmptySpaceCell.xib; sourceTree = "<group>"; };
		58E98E592016571F00F78BAE /* EmptySpaceCell.swift */ = {isa = PBXFileReference; fileEncoding = 4; lastKnownFileType = sourcecode.swift; path = EmptySpaceCell.swift; sourceTree = "<group>"; };
		58E98E5A2016571F00F78BAE /* IconTextCell.swift */ = {isa = PBXFileReference; fileEncoding = 4; lastKnownFileType = sourcecode.swift; path = IconTextCell.swift; sourceTree = "<group>"; };
		58E98E62201889B900F78BAE /* AnyRenderable.swift */ = {isa = PBXFileReference; lastKnownFileType = sourcecode.swift; path = AnyRenderable.swift; sourceTree = "<group>"; };
		58FC441D207CF29F00DA3614 /* BentoTests.xctest */ = {isa = PBXFileReference; explicitFileType = wrapper.cfbundle; includeInIndex = 0; path = BentoTests.xctest; sourceTree = BUILT_PRODUCTS_DIR; };
		58FC4421207CF29F00DA3614 /* Info.plist */ = {isa = PBXFileReference; lastKnownFileType = text.plist.xml; path = Info.plist; sourceTree = "<group>"; };
		58FC442C207CF2F500DA3614 /* Bento.podspec */ = {isa = PBXFileReference; fileEncoding = 4; lastKnownFileType = text; path = Bento.podspec; sourceTree = "<group>"; };
		58FC442E207CF37700DA3614 /* script */ = {isa = PBXFileReference; lastKnownFileType = folder; path = script; sourceTree = "<group>"; };
		58FC4435207CF7F100DA3614 /* circle.yml */ = {isa = PBXFileReference; fileEncoding = 4; lastKnownFileType = text; path = circle.yml; sourceTree = "<group>"; };
		58FC4437207CFBD600DA3614 /* MovieComponentView.swift */ = {isa = PBXFileReference; fileEncoding = 4; lastKnownFileType = sourcecode.swift; path = MovieComponentView.swift; sourceTree = "<group>"; };
		58FC4438207CFBD600DA3614 /* LoadingIndicatorView.xib */ = {isa = PBXFileReference; fileEncoding = 4; lastKnownFileType = file.xib; path = LoadingIndicatorView.xib; sourceTree = "<group>"; };
		58FC4439207CFBD700DA3614 /* SegmetControlView.xib */ = {isa = PBXFileReference; fileEncoding = 4; lastKnownFileType = file.xib; path = SegmetControlView.xib; sourceTree = "<group>"; };
		58FC443A207CFBD700DA3614 /* SegmetControlView.swift */ = {isa = PBXFileReference; fileEncoding = 4; lastKnownFileType = sourcecode.swift; path = SegmetControlView.swift; sourceTree = "<group>"; };
		58FC443B207CFBD700DA3614 /* LoadingIndicatorView.swift */ = {isa = PBXFileReference; fileEncoding = 4; lastKnownFileType = sourcecode.swift; path = LoadingIndicatorView.swift; sourceTree = "<group>"; };
		58FC443C207CFBD700DA3614 /* ButtonComponentView.xib */ = {isa = PBXFileReference; fileEncoding = 4; lastKnownFileType = file.xib; path = ButtonComponentView.xib; sourceTree = "<group>"; };
		58FC443D207CFBD700DA3614 /* ButtonComponentView.swift */ = {isa = PBXFileReference; fileEncoding = 4; lastKnownFileType = sourcecode.swift; path = ButtonComponentView.swift; sourceTree = "<group>"; };
		58FC443E207CFBD700DA3614 /* IconTitleDetailsView.xib */ = {isa = PBXFileReference; fileEncoding = 4; lastKnownFileType = file.xib; path = IconTitleDetailsView.xib; sourceTree = "<group>"; };
		58FC443F207CFBD700DA3614 /* IconTitleDetailsView.swift */ = {isa = PBXFileReference; fileEncoding = 4; lastKnownFileType = sourcecode.swift; path = IconTitleDetailsView.swift; sourceTree = "<group>"; };
		58FC4440207CFBD700DA3614 /* MovieComponentView.xib */ = {isa = PBXFileReference; fileEncoding = 4; lastKnownFileType = file.xib; path = MovieComponentView.xib; sourceTree = "<group>"; };
		58FC444B207CFBE100DA3614 /* BookAppointmentViewController.swift */ = {isa = PBXFileReference; fileEncoding = 4; lastKnownFileType = sourcecode.swift; path = BookAppointmentViewController.swift; sourceTree = "<group>"; };
		58FC444C207CFBE200DA3614 /* MoviesListViewController.swift */ = {isa = PBXFileReference; fileEncoding = 4; lastKnownFileType = sourcecode.swift; path = MoviesListViewController.swift; sourceTree = "<group>"; };
		740921B520ACDDDA00B59F5C /* IfTests.swift */ = {isa = PBXFileReference; lastKnownFileType = sourcecode.swift; path = IfTests.swift; sourceTree = "<group>"; };
		740921B720ACE5EC00B59F5C /* ConcatenationTests.swift */ = {isa = PBXFileReference; lastKnownFileType = sourcecode.swift; path = ConcatenationTests.swift; sourceTree = "<group>"; };
		74208FA22083B1F00062CC8D /* Nimble.framework */ = {isa = PBXFileReference; explicitFileType = wrapper.framework; path = Nimble.framework; sourceTree = BUILT_PRODUCTS_DIR; };
		747523C82083A6660030CCAA /* FlexibleDiff.framework */ = {isa = PBXFileReference; explicitFileType = wrapper.framework; path = FlexibleDiff.framework; sourceTree = BUILT_PRODUCTS_DIR; };
		74C7FE972083A990005C8B53 /* Result.framework */ = {isa = PBXFileReference; explicitFileType = wrapper.framework; path = Result.framework; sourceTree = BUILT_PRODUCTS_DIR; };
		74C7FE9A2083A99F005C8B53 /* ReactiveSwift.framework */ = {isa = PBXFileReference; explicitFileType = wrapper.framework; path = ReactiveSwift.framework; sourceTree = BUILT_PRODUCTS_DIR; };
		74C7FE9D2083A9AA005C8B53 /* ReactiveCocoa.framework */ = {isa = PBXFileReference; explicitFileType = wrapper.framework; path = ReactiveCocoa.framework; sourceTree = BUILT_PRODUCTS_DIR; };
		74C7FEA02083A9B4005C8B53 /* Kingfisher.framework */ = {isa = PBXFileReference; explicitFileType = wrapper.framework; path = Kingfisher.framework; sourceTree = BUILT_PRODUCTS_DIR; };
		74C7FEA32083AC0E005C8B53 /* ReactiveFeedback.framework */ = {isa = PBXFileReference; explicitFileType = wrapper.framework; path = ReactiveFeedback.framework; sourceTree = BUILT_PRODUCTS_DIR; };
		9A3EF77F205D866F00D043AC /* AnyRenderableTests.swift */ = {isa = PBXFileReference; lastKnownFileType = sourcecode.swift; path = AnyRenderableTests.swift; sourceTree = "<group>"; };
		9A7846FA205D89C000FA597E /* XCTest.framework */ = {isa = PBXFileReference; lastKnownFileType = wrapper.framework; name = XCTest.framework; path = Platforms/iPhoneOS.platform/Developer/Library/Frameworks/XCTest.framework; sourceTree = DEVELOPER_DIR; };
		9A7846FC205EAF7C00FA597E /* NodeTests.swift */ = {isa = PBXFileReference; lastKnownFileType = sourcecode.swift; path = NodeTests.swift; sourceTree = "<group>"; };
		9A7846FE205EAF8400FA597E /* SectionTests.swift */ = {isa = PBXFileReference; lastKnownFileType = sourcecode.swift; path = SectionTests.swift; sourceTree = "<group>"; };
		9A784700205EB5E000FA597E /* TestRenderable.swift */ = {isa = PBXFileReference; lastKnownFileType = sourcecode.swift; path = TestRenderable.swift; sourceTree = "<group>"; };
		9A784702205EB61D00FA597E /* TestId.swift */ = {isa = PBXFileReference; lastKnownFileType = sourcecode.swift; path = TestId.swift; sourceTree = "<group>"; };
		A67A873420B5D2D100BC2BAC /* RenderableTests.swift */ = {isa = PBXFileReference; lastKnownFileType = sourcecode.swift; path = RenderableTests.swift; sourceTree = "<group>"; };
		A95093DB10046D731018127D /* Node.swift */ = {isa = PBXFileReference; fileEncoding = 4; lastKnownFileType = sourcecode.swift; path = Node.swift; sourceTree = "<group>"; };
		A950967CC717BBF3B02B766D /* Box.swift */ = {isa = PBXFileReference; fileEncoding = 4; lastKnownFileType = sourcecode.swift; path = Box.swift; sourceTree = "<group>"; };
		A950970749997A21E1BF7777 /* TableViewHeaderFooterView.swift */ = {isa = PBXFileReference; fileEncoding = 4; lastKnownFileType = sourcecode.swift; path = TableViewHeaderFooterView.swift; sourceTree = "<group>"; };
		A9509BC2762C8B4277B973D8 /* SectionedFormAdapter.swift */ = {isa = PBXFileReference; fileEncoding = 4; lastKnownFileType = sourcecode.swift; path = SectionedFormAdapter.swift; sourceTree = "<group>"; };
/* End PBXFileReference section */

/* Begin PBXFrameworksBuildPhase section */
		5829D262200FB092001E020D /* Frameworks */ = {
			isa = PBXFrameworksBuildPhase;
			buildActionMask = 2147483647;
			files = (
				74C7FEA42083AC0E005C8B53 /* ReactiveFeedback.framework in Frameworks */,
				74C7FEA12083A9B4005C8B53 /* Kingfisher.framework in Frameworks */,
				58FC4430207CF3CD00DA3614 /* Bento.framework in Frameworks */,
				74C7FE982083A990005C8B53 /* Result.framework in Frameworks */,
				74C7FE9B2083A99F005C8B53 /* ReactiveSwift.framework in Frameworks */,
				74C7FE9E2083A9AA005C8B53 /* ReactiveCocoa.framework in Frameworks */,
			);
			runOnlyForDeploymentPostprocessing = 0;
		};
		58BA75582016303B0050D5F1 /* Frameworks */ = {
			isa = PBXFrameworksBuildPhase;
			buildActionMask = 2147483647;
			files = (
				747523C72083A6660030CCAA /* FlexibleDiff.framework in Frameworks */,
			);
			runOnlyForDeploymentPostprocessing = 0;
		};
		58FC441A207CF29F00DA3614 /* Frameworks */ = {
			isa = PBXFrameworksBuildPhase;
			buildActionMask = 2147483647;
			files = (
				74208FA12083B1F00062CC8D /* Nimble.framework in Frameworks */,
			);
			runOnlyForDeploymentPostprocessing = 0;
		};
/* End PBXFrameworksBuildPhase section */

/* Begin PBXGroup section */
		581ED77E2022041C00EC9584 /* Diff */ = {
			isa = PBXGroup;
			children = (
				58467B02202B33F200577C77 /* TableViewSectionDiff.swift */,
			);
			path = Diff;
			sourceTree = "<group>";
		};
		5829D25C200FB092001E020D = {
			isa = PBXGroup;
			children = (
				74C7FEA32083AC0E005C8B53 /* ReactiveFeedback.framework */,
				74C7FEA02083A9B4005C8B53 /* Kingfisher.framework */,
				74C7FE9D2083A9AA005C8B53 /* ReactiveCocoa.framework */,
				74C7FE9A2083A99F005C8B53 /* ReactiveSwift.framework */,
				74C7FE972083A990005C8B53 /* Result.framework */,
				58FC4435207CF7F100DA3614 /* circle.yml */,
				58FC442C207CF2F500DA3614 /* Bento.podspec */,
				58FC442E207CF37700DA3614 /* script */,
				5829D267200FB092001E020D /* Example */,
				58BA755D2016303B0050D5F1 /* Bento */,
				58FC441E207CF29F00DA3614 /* BentoTests */,
				5829D266200FB092001E020D /* Products */,
				7D7D5AFB203495BA731D7A3E /* Frameworks */,
			);
			sourceTree = "<group>";
		};
		5829D266200FB092001E020D /* Products */ = {
			isa = PBXGroup;
			children = (
				5829D265200FB092001E020D /* Example.app */,
				58BA755C2016303B0050D5F1 /* Bento.framework */,
				58FC441D207CF29F00DA3614 /* BentoTests.xctest */,
			);
			name = Products;
			sourceTree = "<group>";
		};
		5829D267200FB092001E020D /* Example */ = {
			isa = PBXGroup;
			children = (
				58E98E542016570800F78BAE /* Cells */,
				58FC444B207CFBE100DA3614 /* BookAppointmentViewController.swift */,
				58FC444C207CFBE200DA3614 /* MoviesListViewController.swift */,
				5829D268200FB092001E020D /* AppDelegate.swift */,
				5829D26A200FB092001E020D /* ViewController.swift */,
				5829D26C200FB092001E020D /* Main.storyboard */,
				5829D26F200FB092001E020D /* Assets.xcassets */,
				5829D271200FB092001E020D /* LaunchScreen.storyboard */,
				5829D274200FB092001E020D /* Info.plist */,
			);
			path = Example;
			sourceTree = "<group>";
		};
		587F0716201B354900ACD219 /* Views */ = {
			isa = PBXGroup;
			children = (
				587F0717201B355800ACD219 /* TableViewCell.swift */,
				A950970749997A21E1BF7777 /* TableViewHeaderFooterView.swift */,
			);
			path = Views;
			sourceTree = "<group>";
		};
		58BA755D2016303B0050D5F1 /* Bento */ = {
			isa = PBXGroup;
			children = (
				581ED77E2022041C00EC9584 /* Diff */,
				587F0716201B354900ACD219 /* Views */,
				58E98E612018898700F78BAE /* Renderable */,
				58BA7585201634120050D5F1 /* Helpers.swift */,
				A95095B51B6349DC59C77D6D /* Bento */,
				A950945F6360B851C3E87B61 /* Adapters */,
				58BA755E2016303B0050D5F1 /* Bento.h */,
				58BA755F2016303B0050D5F1 /* Info.plist */,
			);
			path = Bento;
			sourceTree = "<group>";
		};
		58E98E542016570800F78BAE /* Cells */ = {
			isa = PBXGroup;
			children = (
				58FC443D207CFBD700DA3614 /* ButtonComponentView.swift */,
				58FC443C207CFBD700DA3614 /* ButtonComponentView.xib */,
				58FC443F207CFBD700DA3614 /* IconTitleDetailsView.swift */,
				58FC443E207CFBD700DA3614 /* IconTitleDetailsView.xib */,
				58FC443B207CFBD700DA3614 /* LoadingIndicatorView.swift */,
				58FC4438207CFBD600DA3614 /* LoadingIndicatorView.xib */,
				58FC4437207CFBD600DA3614 /* MovieComponentView.swift */,
				58FC4440207CFBD700DA3614 /* MovieComponentView.xib */,
				58FC443A207CFBD700DA3614 /* SegmetControlView.swift */,
				58FC4439207CFBD700DA3614 /* SegmetControlView.xib */,
				58E98E592016571F00F78BAE /* EmptySpaceCell.swift */,
				58E98E582016571F00F78BAE /* EmptySpaceCell.xib */,
				58E98E5A2016571F00F78BAE /* IconTextCell.swift */,
				58E98E552016571F00F78BAE /* IconTextCell.xib */,
				58E98E572016571F00F78BAE /* ToggleCell.swift */,
				58E98E562016571F00F78BAE /* ToggleCell.xib */,
				258A9B7920BC76A500DF4E6F /* StatefulToggle.swift */,
				258A9B7B20BC76F900DF4E6F /* StatefulToggleView.xib */,
			);
			path = Cells;
			sourceTree = "<group>";
		};
		58E98E612018898700F78BAE /* Renderable */ = {
			isa = PBXGroup;
			children = (
				58BA7583201633CC0050D5F1 /* Renderable.swift */,
				58E98E62201889B900F78BAE /* AnyRenderable.swift */,
			);
			path = Renderable;
			sourceTree = "<group>";
		};
		58FC441E207CF29F00DA3614 /* BentoTests */ = {
			isa = PBXGroup;
			children = (
				A67A873420B5D2D100BC2BAC /* RenderableTests.swift */,
				9A3EF77F205D866F00D043AC /* AnyRenderableTests.swift */,
				9A7846FC205EAF7C00FA597E /* NodeTests.swift */,
				9A7846FE205EAF8400FA597E /* SectionTests.swift */,
				740921B520ACDDDA00B59F5C /* IfTests.swift */,
				740921B720ACE5EC00B59F5C /* ConcatenationTests.swift */,
				9A784700205EB5E000FA597E /* TestRenderable.swift */,
				9A784702205EB61D00FA597E /* TestId.swift */,
				58FC4421207CF29F00DA3614 /* Info.plist */,
			);
			path = BentoTests;
			sourceTree = "<group>";
		};
		7D7D5AFB203495BA731D7A3E /* Frameworks */ = {
			isa = PBXGroup;
			children = (
				74208FA22083B1F00062CC8D /* Nimble.framework */,
				747523C82083A6660030CCAA /* FlexibleDiff.framework */,
				9A7846FA205D89C000FA597E /* XCTest.framework */,
			);
			name = Frameworks;
			sourceTree = "<group>";
		};
		A950945F6360B851C3E87B61 /* Adapters */ = {
			isa = PBXGroup;
			children = (
				A9509BC2762C8B4277B973D8 /* SectionedFormAdapter.swift */,
				58D0F12C207F573B00A24E96 /* TableViewAnimation.swift */,
			);
			path = Adapters;
			sourceTree = "<group>";
		};
		A95095B51B6349DC59C77D6D /* Bento */ = {
			isa = PBXGroup;
			children = (
				A950967CC717BBF3B02B766D /* Box.swift */,
				A95093DB10046D731018127D /* Node.swift */,
				515F9EAF847DD1D68DE3A48C /* Section.swift */,
				5857BEC92056F02C0085EB9C /* If.swift */,
			);
			path = Bento;
			sourceTree = "<group>";
		};
/* End PBXGroup section */

/* Begin PBXHeadersBuildPhase section */
		58BA75592016303B0050D5F1 /* Headers */ = {
			isa = PBXHeadersBuildPhase;
			buildActionMask = 2147483647;
			files = (
				58BA75602016303B0050D5F1 /* Bento.h in Headers */,
			);
			runOnlyForDeploymentPostprocessing = 0;
		};
/* End PBXHeadersBuildPhase section */

/* Begin PBXNativeTarget section */
		5829D264200FB092001E020D /* Example */ = {
			isa = PBXNativeTarget;
			buildConfigurationList = 5829D277200FB092001E020D /* Build configuration list for PBXNativeTarget "Example" */;
			buildPhases = (
				5829D261200FB092001E020D /* Sources */,
				5829D262200FB092001E020D /* Frameworks */,
				5829D263200FB092001E020D /* Resources */,
				58FC4434207CF3CE00DA3614 /* Embed Frameworks */,
			);
			buildRules = (
			);
			dependencies = (
				58FC4433207CF3CD00DA3614 /* PBXTargetDependency */,
			);
			name = Example;
			productName = Example;
			productReference = 5829D265200FB092001E020D /* Example.app */;
			productType = "com.apple.product-type.application";
		};
		58BA755B2016303B0050D5F1 /* Bento */ = {
			isa = PBXNativeTarget;
			buildConfigurationList = 58BA75652016303B0050D5F1 /* Build configuration list for PBXNativeTarget "Bento" */;
			buildPhases = (
				58BA75572016303B0050D5F1 /* Sources */,
				58BA75582016303B0050D5F1 /* Frameworks */,
				58BA75592016303B0050D5F1 /* Headers */,
				58BA755A2016303B0050D5F1 /* Resources */,
			);
			buildRules = (
			);
			dependencies = (
			);
			name = Bento;
			productName = FormsKit;
			productReference = 58BA755C2016303B0050D5F1 /* Bento.framework */;
			productType = "com.apple.product-type.framework";
		};
		58FC441C207CF29F00DA3614 /* BentoTests */ = {
			isa = PBXNativeTarget;
			buildConfigurationList = 58FC4424207CF29F00DA3614 /* Build configuration list for PBXNativeTarget "BentoTests" */;
			buildPhases = (
				58FC4419207CF29F00DA3614 /* Sources */,
				58FC441A207CF29F00DA3614 /* Frameworks */,
				58FC441B207CF29F00DA3614 /* Resources */,
			);
			buildRules = (
			);
			dependencies = (
				58FC4423207CF29F00DA3614 /* PBXTargetDependency */,
			);
			name = BentoTests;
			productName = BentoTests;
			productReference = 58FC441D207CF29F00DA3614 /* BentoTests.xctest */;
			productType = "com.apple.product-type.bundle.unit-test";
		};
/* End PBXNativeTarget section */

/* Begin PBXProject section */
		5829D25D200FB092001E020D /* Project object */ = {
			isa = PBXProject;
			attributes = {
				LastSwiftUpdateCheck = 0920;
				LastUpgradeCheck = 0920;
				ORGANIZATIONNAME = babylonhealth;
				TargetAttributes = {
					5829D264200FB092001E020D = {
						CreatedOnToolsVersion = 9.2;
						ProvisioningStyle = Automatic;
					};
					58BA755B2016303B0050D5F1 = {
						CreatedOnToolsVersion = 9.2;
						LastSwiftMigration = 0920;
						ProvisioningStyle = Automatic;
					};
					58FC441C207CF29F00DA3614 = {
						CreatedOnToolsVersion = 9.2;
						ProvisioningStyle = Automatic;
					};
				};
			};
			buildConfigurationList = 5829D260200FB092001E020D /* Build configuration list for PBXProject "Bento" */;
			compatibilityVersion = "Xcode 8.0";
			developmentRegion = en;
			hasScannedForEncodings = 0;
			knownRegions = (
				en,
				Base,
			);
			mainGroup = 5829D25C200FB092001E020D;
			productRefGroup = 5829D266200FB092001E020D /* Products */;
			projectDirPath = "";
			projectRoot = "";
			targets = (
				5829D264200FB092001E020D /* Example */,
				58BA755B2016303B0050D5F1 /* Bento */,
				58FC441C207CF29F00DA3614 /* BentoTests */,
			);
		};
/* End PBXProject section */

/* Begin PBXResourcesBuildPhase section */
		5829D263200FB092001E020D /* Resources */ = {
			isa = PBXResourcesBuildPhase;
			buildActionMask = 2147483647;
			files = (
				58FC4446207CFBD700DA3614 /* ButtonComponentView.xib in Resources */,
				58FC444A207CFBD700DA3614 /* MovieComponentView.xib in Resources */,
				58FC442F207CF37700DA3614 /* script in Resources */,
				5829D273200FB092001E020D /* LaunchScreen.storyboard in Resources */,
				258A9B7C20BC76F900DF4E6F /* StatefulToggleView.xib in Resources */,
				58FC4443207CFBD700DA3614 /* SegmetControlView.xib in Resources */,
				5829D270200FB092001E020D /* Assets.xcassets in Resources */,
				58E98E5E2016571F00F78BAE /* EmptySpaceCell.xib in Resources */,
				58FC4448207CFBD700DA3614 /* IconTitleDetailsView.xib in Resources */,
				5829D26E200FB092001E020D /* Main.storyboard in Resources */,
				58E98E5C2016571F00F78BAE /* ToggleCell.xib in Resources */,
				58E98E5B2016571F00F78BAE /* IconTextCell.xib in Resources */,
				58FC4442207CFBD700DA3614 /* LoadingIndicatorView.xib in Resources */,
			);
			runOnlyForDeploymentPostprocessing = 0;
		};
		58BA755A2016303B0050D5F1 /* Resources */ = {
			isa = PBXResourcesBuildPhase;
			buildActionMask = 2147483647;
			files = (
			);
			runOnlyForDeploymentPostprocessing = 0;
		};
		58FC441B207CF29F00DA3614 /* Resources */ = {
			isa = PBXResourcesBuildPhase;
			buildActionMask = 2147483647;
			files = (
			);
			runOnlyForDeploymentPostprocessing = 0;
		};
/* End PBXResourcesBuildPhase section */

/* Begin PBXSourcesBuildPhase section */
		5829D261200FB092001E020D /* Sources */ = {
			isa = PBXSourcesBuildPhase;
			buildActionMask = 2147483647;
			files = (
				5829D26B200FB092001E020D /* ViewController.swift in Sources */,
				58FC4447207CFBD700DA3614 /* ButtonComponentView.swift in Sources */,
				58FC4441207CFBD700DA3614 /* MovieComponentView.swift in Sources */,
				258A9B7A20BC76A500DF4E6F /* StatefulToggle.swift in Sources */,
				58FC444D207CFBE200DA3614 /* BookAppointmentViewController.swift in Sources */,
				58E98E5D2016571F00F78BAE /* ToggleCell.swift in Sources */,
				58FC4445207CFBD700DA3614 /* LoadingIndicatorView.swift in Sources */,
				58E98E5F2016571F00F78BAE /* EmptySpaceCell.swift in Sources */,
				5829D269200FB092001E020D /* AppDelegate.swift in Sources */,
				58FC4449207CFBD700DA3614 /* IconTitleDetailsView.swift in Sources */,
				58FC4444207CFBD700DA3614 /* SegmetControlView.swift in Sources */,
				58E98E602016571F00F78BAE /* IconTextCell.swift in Sources */,
				58FC444E207CFBE200DA3614 /* MoviesListViewController.swift in Sources */,
			);
			runOnlyForDeploymentPostprocessing = 0;
		};
		58BA75572016303B0050D5F1 /* Sources */ = {
			isa = PBXSourcesBuildPhase;
			buildActionMask = 2147483647;
			files = (
				58E98E63201889B900F78BAE /* AnyRenderable.swift in Sources */,
				58BA7586201634120050D5F1 /* Helpers.swift in Sources */,
				58D0F12D207F573B00A24E96 /* TableViewAnimation.swift in Sources */,
				58BA7584201633CC0050D5F1 /* Renderable.swift in Sources */,
				5857BECA2056F02C0085EB9C /* If.swift in Sources */,
				A9509FB12CAD89179FAA03B0 /* Box.swift in Sources */,
				58467B03202B33F200577C77 /* TableViewSectionDiff.swift in Sources */,
				A9509C4FC3664040FF3649CD /* Node.swift in Sources */,
				587F0718201B355800ACD219 /* TableViewCell.swift in Sources */,
				A95093B3B7AD6DC69644BCA6 /* SectionedFormAdapter.swift in Sources */,
				A9509880661501C40B50E453 /* TableViewHeaderFooterView.swift in Sources */,
				515F94097C1F82B7E5C2DE0C /* Section.swift in Sources */,
			);
			runOnlyForDeploymentPostprocessing = 0;
		};
		58FC4419207CF29F00DA3614 /* Sources */ = {
			isa = PBXSourcesBuildPhase;
			buildActionMask = 2147483647;
			files = (
				58FC4427207CF2BB00DA3614 /* AnyRenderableTests.swift in Sources */,
				58FC442A207CF2BB00DA3614 /* NodeTests.swift in Sources */,
				58FC4428207CF2BB00DA3614 /* TestId.swift in Sources */,
				58FC4429207CF2BB00DA3614 /* TestRenderable.swift in Sources */,
				740921B620ACDDDA00B59F5C /* IfTests.swift in Sources */,
				58FC442B207CF2BB00DA3614 /* SectionTests.swift in Sources */,
				740921B820ACE5EC00B59F5C /* ConcatenationTests.swift in Sources */,
				A67A873520B5D2D100BC2BAC /* RenderableTests.swift in Sources */,
			);
			runOnlyForDeploymentPostprocessing = 0;
		};
/* End PBXSourcesBuildPhase section */

/* Begin PBXTargetDependency section */
		58FC4423207CF29F00DA3614 /* PBXTargetDependency */ = {
			isa = PBXTargetDependency;
			target = 5829D264200FB092001E020D /* Example */;
			targetProxy = 58FC4422207CF29F00DA3614 /* PBXContainerItemProxy */;
		};
		58FC4433207CF3CD00DA3614 /* PBXTargetDependency */ = {
			isa = PBXTargetDependency;
			target = 58BA755B2016303B0050D5F1 /* Bento */;
			targetProxy = 58FC4432207CF3CD00DA3614 /* PBXContainerItemProxy */;
		};
/* End PBXTargetDependency section */

/* Begin PBXVariantGroup section */
		5829D26C200FB092001E020D /* Main.storyboard */ = {
			isa = PBXVariantGroup;
			children = (
				5829D26D200FB092001E020D /* Base */,
			);
			name = Main.storyboard;
			sourceTree = "<group>";
		};
		5829D271200FB092001E020D /* LaunchScreen.storyboard */ = {
			isa = PBXVariantGroup;
			children = (
				5829D272200FB092001E020D /* Base */,
			);
			name = LaunchScreen.storyboard;
			sourceTree = "<group>";
		};
/* End PBXVariantGroup section */

/* Begin XCBuildConfiguration section */
		5829D275200FB092001E020D /* Debug */ = {
			isa = XCBuildConfiguration;
			buildSettings = {
				ALWAYS_SEARCH_USER_PATHS = NO;
				CLANG_ANALYZER_NONNULL = YES;
				CLANG_ANALYZER_NUMBER_OBJECT_CONVERSION = YES_AGGRESSIVE;
				CLANG_CXX_LANGUAGE_STANDARD = "gnu++14";
				CLANG_CXX_LIBRARY = "libc++";
				CLANG_ENABLE_MODULES = YES;
				CLANG_ENABLE_OBJC_ARC = YES;
				CLANG_WARN_BLOCK_CAPTURE_AUTORELEASING = YES;
				CLANG_WARN_BOOL_CONVERSION = YES;
				CLANG_WARN_COMMA = YES;
				CLANG_WARN_CONSTANT_CONVERSION = YES;
				CLANG_WARN_DIRECT_OBJC_ISA_USAGE = YES_ERROR;
				CLANG_WARN_DOCUMENTATION_COMMENTS = YES;
				CLANG_WARN_EMPTY_BODY = YES;
				CLANG_WARN_ENUM_CONVERSION = YES;
				CLANG_WARN_INFINITE_RECURSION = YES;
				CLANG_WARN_INT_CONVERSION = YES;
				CLANG_WARN_NON_LITERAL_NULL_CONVERSION = YES;
				CLANG_WARN_OBJC_LITERAL_CONVERSION = YES;
				CLANG_WARN_OBJC_ROOT_CLASS = YES_ERROR;
				CLANG_WARN_RANGE_LOOP_ANALYSIS = YES;
				CLANG_WARN_STRICT_PROTOTYPES = YES;
				CLANG_WARN_SUSPICIOUS_MOVE = YES;
				CLANG_WARN_UNGUARDED_AVAILABILITY = YES_AGGRESSIVE;
				CLANG_WARN_UNREACHABLE_CODE = YES;
				CLANG_WARN__DUPLICATE_METHOD_MATCH = YES;
				CODE_SIGN_IDENTITY = "iPhone Developer";
				COPY_PHASE_STRIP = NO;
				DEBUG_INFORMATION_FORMAT = dwarf;
				ENABLE_STRICT_OBJC_MSGSEND = YES;
				ENABLE_TESTABILITY = YES;
				GCC_C_LANGUAGE_STANDARD = gnu11;
				GCC_DYNAMIC_NO_PIC = NO;
				GCC_NO_COMMON_BLOCKS = YES;
				GCC_OPTIMIZATION_LEVEL = 0;
				GCC_PREPROCESSOR_DEFINITIONS = (
					"DEBUG=1",
					"$(inherited)",
				);
				GCC_WARN_64_TO_32_BIT_CONVERSION = YES;
				GCC_WARN_ABOUT_RETURN_TYPE = YES_ERROR;
				GCC_WARN_UNDECLARED_SELECTOR = YES;
				GCC_WARN_UNINITIALIZED_AUTOS = YES_AGGRESSIVE;
				GCC_WARN_UNUSED_FUNCTION = YES;
				GCC_WARN_UNUSED_VARIABLE = YES;
				IPHONEOS_DEPLOYMENT_TARGET = 11.2;
				MTL_ENABLE_DEBUG_INFO = YES;
				ONLY_ACTIVE_ARCH = YES;
				SDKROOT = iphoneos;
				SWIFT_ACTIVE_COMPILATION_CONDITIONS = DEBUG;
				SWIFT_OPTIMIZATION_LEVEL = "-Onone";
			};
			name = Debug;
		};
		5829D276200FB092001E020D /* Release */ = {
			isa = XCBuildConfiguration;
			buildSettings = {
				ALWAYS_SEARCH_USER_PATHS = NO;
				CLANG_ANALYZER_NONNULL = YES;
				CLANG_ANALYZER_NUMBER_OBJECT_CONVERSION = YES_AGGRESSIVE;
				CLANG_CXX_LANGUAGE_STANDARD = "gnu++14";
				CLANG_CXX_LIBRARY = "libc++";
				CLANG_ENABLE_MODULES = YES;
				CLANG_ENABLE_OBJC_ARC = YES;
				CLANG_WARN_BLOCK_CAPTURE_AUTORELEASING = YES;
				CLANG_WARN_BOOL_CONVERSION = YES;
				CLANG_WARN_COMMA = YES;
				CLANG_WARN_CONSTANT_CONVERSION = YES;
				CLANG_WARN_DIRECT_OBJC_ISA_USAGE = YES_ERROR;
				CLANG_WARN_DOCUMENTATION_COMMENTS = YES;
				CLANG_WARN_EMPTY_BODY = YES;
				CLANG_WARN_ENUM_CONVERSION = YES;
				CLANG_WARN_INFINITE_RECURSION = YES;
				CLANG_WARN_INT_CONVERSION = YES;
				CLANG_WARN_NON_LITERAL_NULL_CONVERSION = YES;
				CLANG_WARN_OBJC_LITERAL_CONVERSION = YES;
				CLANG_WARN_OBJC_ROOT_CLASS = YES_ERROR;
				CLANG_WARN_RANGE_LOOP_ANALYSIS = YES;
				CLANG_WARN_STRICT_PROTOTYPES = YES;
				CLANG_WARN_SUSPICIOUS_MOVE = YES;
				CLANG_WARN_UNGUARDED_AVAILABILITY = YES_AGGRESSIVE;
				CLANG_WARN_UNREACHABLE_CODE = YES;
				CLANG_WARN__DUPLICATE_METHOD_MATCH = YES;
				CODE_SIGN_IDENTITY = "iPhone Developer";
				COPY_PHASE_STRIP = NO;
				DEBUG_INFORMATION_FORMAT = "dwarf-with-dsym";
				ENABLE_NS_ASSERTIONS = NO;
				ENABLE_STRICT_OBJC_MSGSEND = YES;
				GCC_C_LANGUAGE_STANDARD = gnu11;
				GCC_NO_COMMON_BLOCKS = YES;
				GCC_WARN_64_TO_32_BIT_CONVERSION = YES;
				GCC_WARN_ABOUT_RETURN_TYPE = YES_ERROR;
				GCC_WARN_UNDECLARED_SELECTOR = YES;
				GCC_WARN_UNINITIALIZED_AUTOS = YES_AGGRESSIVE;
				GCC_WARN_UNUSED_FUNCTION = YES;
				GCC_WARN_UNUSED_VARIABLE = YES;
				IPHONEOS_DEPLOYMENT_TARGET = 11.2;
				MTL_ENABLE_DEBUG_INFO = NO;
				SDKROOT = iphoneos;
				SWIFT_OPTIMIZATION_LEVEL = "-Owholemodule";
				VALIDATE_PRODUCT = YES;
			};
			name = Release;
		};
		5829D278200FB092001E020D /* Debug */ = {
			isa = XCBuildConfiguration;
			buildSettings = {
				ALWAYS_EMBED_SWIFT_STANDARD_LIBRARIES = YES;
				ASSETCATALOG_COMPILER_APPICON_NAME = AppIcon;
				CODE_SIGN_STYLE = Automatic;
				INFOPLIST_FILE = Example/Info.plist;
				LD_RUNPATH_SEARCH_PATHS = "$(inherited) @executable_path/Frameworks";
				PRODUCT_BUNDLE_IDENTIFIER = com.babylonhealth.Example;
				PRODUCT_NAME = "$(TARGET_NAME)";
				SWIFT_VERSION = 4.0;
				TARGETED_DEVICE_FAMILY = "1,2";
			};
			name = Debug;
		};
		5829D279200FB092001E020D /* Release */ = {
			isa = XCBuildConfiguration;
			buildSettings = {
				ALWAYS_EMBED_SWIFT_STANDARD_LIBRARIES = YES;
				ASSETCATALOG_COMPILER_APPICON_NAME = AppIcon;
				CODE_SIGN_STYLE = Automatic;
				INFOPLIST_FILE = Example/Info.plist;
				LD_RUNPATH_SEARCH_PATHS = "$(inherited) @executable_path/Frameworks";
				PRODUCT_BUNDLE_IDENTIFIER = com.babylonhealth.Example;
				PRODUCT_NAME = "$(TARGET_NAME)";
				SWIFT_VERSION = 4.0;
				TARGETED_DEVICE_FAMILY = "1,2";
			};
			name = Release;
		};
		58BA75662016303B0050D5F1 /* Debug */ = {
			isa = XCBuildConfiguration;
			buildSettings = {
				CLANG_ENABLE_MODULES = YES;
				CODE_SIGN_IDENTITY = "";
				CODE_SIGN_STYLE = Automatic;
				CURRENT_PROJECT_VERSION = 1;
				DEFINES_MODULE = YES;
				DYLIB_COMPATIBILITY_VERSION = 1;
				DYLIB_CURRENT_VERSION = 1;
				DYLIB_INSTALL_NAME_BASE = "@rpath";
				INFOPLIST_FILE = "$(SRCROOT)/Bento/Info.plist";
				INSTALL_PATH = "$(LOCAL_LIBRARY_DIR)/Frameworks";
				IPHONEOS_DEPLOYMENT_TARGET = 9.0;
				LD_RUNPATH_SEARCH_PATHS = "$(inherited) @executable_path/Frameworks @loader_path/Frameworks";
				PRODUCT_BUNDLE_IDENTIFIER = com.babylonhealth.FormsKit;
				PRODUCT_NAME = "$(TARGET_NAME:c99extidentifier)";
				SKIP_INSTALL = YES;
				SWIFT_OPTIMIZATION_LEVEL = "-Onone";
				SWIFT_VERSION = 4.0;
				TARGETED_DEVICE_FAMILY = "1,2";
				VERSIONING_SYSTEM = "apple-generic";
				VERSION_INFO_PREFIX = "";
			};
			name = Debug;
		};
		58BA75672016303B0050D5F1 /* Release */ = {
			isa = XCBuildConfiguration;
			buildSettings = {
				CLANG_ENABLE_MODULES = YES;
				CODE_SIGN_IDENTITY = "";
				CODE_SIGN_STYLE = Automatic;
				CURRENT_PROJECT_VERSION = 1;
				DEFINES_MODULE = YES;
				DYLIB_COMPATIBILITY_VERSION = 1;
				DYLIB_CURRENT_VERSION = 1;
				DYLIB_INSTALL_NAME_BASE = "@rpath";
				INFOPLIST_FILE = "$(SRCROOT)/Bento/Info.plist";
				INSTALL_PATH = "$(LOCAL_LIBRARY_DIR)/Frameworks";
				IPHONEOS_DEPLOYMENT_TARGET = 9.0;
				LD_RUNPATH_SEARCH_PATHS = "$(inherited) @executable_path/Frameworks @loader_path/Frameworks";
				PRODUCT_BUNDLE_IDENTIFIER = com.babylonhealth.FormsKit;
				PRODUCT_NAME = "$(TARGET_NAME:c99extidentifier)";
				SKIP_INSTALL = YES;
				SWIFT_VERSION = 4.0;
				TARGETED_DEVICE_FAMILY = "1,2";
				VERSIONING_SYSTEM = "apple-generic";
				VERSION_INFO_PREFIX = "";
			};
			name = Release;
		};
		58FC4425207CF29F00DA3614 /* Debug */ = {
			isa = XCBuildConfiguration;
			buildSettings = {
				CODE_SIGN_STYLE = Automatic;
				INFOPLIST_FILE = BentoTests/Info.plist;
				IPHONEOS_DEPLOYMENT_TARGET = 9.0;
				LD_RUNPATH_SEARCH_PATHS = "$(inherited) @executable_path/Frameworks @loader_path/Frameworks";
				PRODUCT_BUNDLE_IDENTIFIER = com.babylonhealth.BentoTests;
				PRODUCT_NAME = "$(TARGET_NAME)";
				SWIFT_VERSION = 4.0;
				TARGETED_DEVICE_FAMILY = "1,2";
			};
			name = Debug;
		};
		58FC4426207CF29F00DA3614 /* Release */ = {
			isa = XCBuildConfiguration;
			buildSettings = {
				CODE_SIGN_STYLE = Automatic;
				INFOPLIST_FILE = BentoTests/Info.plist;
				IPHONEOS_DEPLOYMENT_TARGET = 9.0;
				LD_RUNPATH_SEARCH_PATHS = "$(inherited) @executable_path/Frameworks @loader_path/Frameworks";
				PRODUCT_BUNDLE_IDENTIFIER = com.babylonhealth.BentoTests;
				PRODUCT_NAME = "$(TARGET_NAME)";
				SWIFT_VERSION = 4.0;
				TARGETED_DEVICE_FAMILY = "1,2";
			};
			name = Release;
		};
/* End XCBuildConfiguration section */

/* Begin XCConfigurationList section */
		5829D260200FB092001E020D /* Build configuration list for PBXProject "Bento" */ = {
			isa = XCConfigurationList;
			buildConfigurations = (
				5829D275200FB092001E020D /* Debug */,
				5829D276200FB092001E020D /* Release */,
			);
			defaultConfigurationIsVisible = 0;
			defaultConfigurationName = Release;
		};
		5829D277200FB092001E020D /* Build configuration list for PBXNativeTarget "Example" */ = {
			isa = XCConfigurationList;
			buildConfigurations = (
				5829D278200FB092001E020D /* Debug */,
				5829D279200FB092001E020D /* Release */,
			);
			defaultConfigurationIsVisible = 0;
			defaultConfigurationName = Release;
		};
		58BA75652016303B0050D5F1 /* Build configuration list for PBXNativeTarget "Bento" */ = {
			isa = XCConfigurationList;
			buildConfigurations = (
				58BA75662016303B0050D5F1 /* Debug */,
				58BA75672016303B0050D5F1 /* Release */,
			);
			defaultConfigurationIsVisible = 0;
			defaultConfigurationName = Release;
		};
		58FC4424207CF29F00DA3614 /* Build configuration list for PBXNativeTarget "BentoTests" */ = {
			isa = XCConfigurationList;
			buildConfigurations = (
				58FC4425207CF29F00DA3614 /* Debug */,
				58FC4426207CF29F00DA3614 /* Release */,
			);
			defaultConfigurationIsVisible = 0;
			defaultConfigurationName = Release;
		};
/* End XCConfigurationList section */
	};
	rootObject = 5829D25D200FB092001E020D /* Project object */;
}
