// !$*UTF8*$!
{
	archiveVersion = 1;
	classes = {
	};
	objectVersion = 50;
	objects = {

/* Begin PBXBuildFile section */
		580B60B5215D2CCB00A69E87 /* Bento.framework in Frameworks */ = {isa = PBXBuildFile; fileRef = 580B60B4215D2CCB00A69E87 /* Bento.framework */; };
		580B6138215D2F6800A69E87 /* TitledDescription.swift in Sources */ = {isa = PBXBuildFile; fileRef = 580B612B215D2F6800A69E87 /* TitledDescription.swift */; };
		580B6153215D3A0400A69E87 /* ReactiveSwift.framework in Frameworks */ = {isa = PBXBuildFile; fileRef = 580B6152215D3A0400A69E87 /* ReactiveSwift.framework */; };
		580B6159215D3F1800A69E87 /* ReactiveCocoa.framework in Frameworks */ = {isa = PBXBuildFile; fileRef = 580B6158215D3F1800A69E87 /* ReactiveCocoa.framework */; };
		580B6165215E3C1D00A69E87 /* NodeConstruction.swift in Sources */ = {isa = PBXBuildFile; fileRef = 580B6162215E3C1C00A69E87 /* NodeConstruction.swift */; };
		580B6189215E585C00A69E87 /* Media.xcassets in Resources */ = {isa = PBXBuildFile; fileRef = 580B6188215E585C00A69E87 /* Media.xcassets */; };
		587208D4216280A700C8E6DF /* Media.xcassets in Resources */ = {isa = PBXBuildFile; fileRef = 587208D3216280A700C8E6DF /* Media.xcassets */; };
		587208EE2164DA4400C8E6DF /* DeleteAction.swift in Sources */ = {isa = PBXBuildFile; fileRef = 587208ED2164DA4400C8E6DF /* DeleteAction.swift */; };
		5880117C21626DCE0084EE07 /* BentoKit.framework in Frameworks */ = {isa = PBXBuildFile; fileRef = 580B60A5215D2C3400A69E87 /* BentoKit.framework */; };
		58801191216271DB0084EE07 /* TitledDescriptionSnapshotTests.swift in Sources */ = {isa = PBXBuildFile; fileRef = 58801186216271DA0084EE07 /* TitledDescriptionSnapshotTests.swift */; };
		58801195216271DB0084EE07 /* TitledDescriptionLegacySnapshotTests.swift in Sources */ = {isa = PBXBuildFile; fileRef = 5880118A216271DA0084EE07 /* TitledDescriptionLegacySnapshotTests.swift */; };
		5880119E216272C30084EE07 /* Device.swift in Sources */ = {isa = PBXBuildFile; fileRef = 5880119D216272C30084EE07 /* Device.swift */; };
		588011A02162740C0084EE07 /* FBSnapshotTestCaseExtensions.swift in Sources */ = {isa = PBXBuildFile; fileRef = 5880119F2162740C0084EE07 /* FBSnapshotTestCaseExtensions.swift */; };
		65E4D8B3225D006300CA7CB3 /* BoxSizeCachingTableView.swift in Sources */ = {isa = PBXBuildFile; fileRef = 65E4D8B2225D006300CA7CB3 /* BoxSizeCachingTableView.swift */; };
		74CECF3722675C2E00EC6927 /* Bool+Assertions.swift in Sources */ = {isa = PBXBuildFile; fileRef = 74CECF3222675C2D00EC6927 /* Bool+Assertions.swift */; };
		74CECF3822675C2E00EC6927 /* NSLayoutConstraintExtensions.swift in Sources */ = {isa = PBXBuildFile; fileRef = 74CECF3322675C2E00EC6927 /* NSLayoutConstraintExtensions.swift */; };
		74CECF3922675C2E00EC6927 /* UIViewExtensions.swift in Sources */ = {isa = PBXBuildFile; fileRef = 74CECF3422675C2E00EC6927 /* UIViewExtensions.swift */; };
		74CECF3A22675C2E00EC6927 /* UIEdgeInsetsTests.swift in Sources */ = {isa = PBXBuildFile; fileRef = 74CECF3522675C2E00EC6927 /* UIEdgeInsetsTests.swift */; };
		74CECF3B22675C2E00EC6927 /* With.swift in Sources */ = {isa = PBXBuildFile; fileRef = 74CECF3622675C2E00EC6927 /* With.swift */; };
		A6113A7E2180CD0100C6DB5A /* FBSnapshotTestCase.framework in Frameworks */ = {isa = PBXBuildFile; fileRef = A6113A7D2180CD0100C6DB5A /* FBSnapshotTestCase.framework */; };
		A6EC2DAE218B28AA002B128F /* BoxAppearance.swift in Sources */ = {isa = PBXBuildFile; fileRef = A6EC2DA9218B28AA002B128F /* BoxAppearance.swift */; };
		A6EC2DAF218B28AA002B128F /* Screen.swift in Sources */ = {isa = PBXBuildFile; fileRef = A6EC2DAA218B28AA002B128F /* Screen.swift */; };
		A6EC2DB0218B28AA002B128F /* BoxViewModel.swift in Sources */ = {isa = PBXBuildFile; fileRef = A6EC2DAB218B28AA002B128F /* BoxViewModel.swift */; };
		A6EC2DB1218B28AA002B128F /* BoxViewController.swift in Sources */ = {isa = PBXBuildFile; fileRef = A6EC2DAC218B28AA002B128F /* BoxViewController.swift */; };
		A6EC2DB2218B28AA002B128F /* BoxRenderer.swift in Sources */ = {isa = PBXBuildFile; fileRef = A6EC2DAD218B28AA002B128F /* BoxRenderer.swift */; };
		A6EC2DB5218B28BF002B128F /* BoxViewControllerSnapshotTests.swift in Sources */ = {isa = PBXBuildFile; fileRef = A6EC2DB4218B28BF002B128F /* BoxViewControllerSnapshotTests.swift */; };
		A6EC2DB9218B2912002B128F /* UIViewAnimationOptions+Curve.swift in Sources */ = {isa = PBXBuildFile; fileRef = A6EC2DB6218B2912002B128F /* UIViewAnimationOptions+Curve.swift */; };
		A6EC2DBA218B2912002B128F /* UIButton+Closure.swift in Sources */ = {isa = PBXBuildFile; fileRef = A6EC2DB7218B2912002B128F /* UIButton+Closure.swift */; };
		A6EC2DBD218B298B002B128F /* HostWindow.swift in Sources */ = {isa = PBXBuildFile; fileRef = A6EC2DBC218B298A002B128F /* HostWindow.swift */; };
/* End PBXBuildFile section */

/* Begin PBXContainerItemProxy section */
		5880117D21626DCE0084EE07 /* PBXContainerItemProxy */ = {
			isa = PBXContainerItemProxy;
			containerPortal = 580B609C215D2C3300A69E87 /* Project object */;
			proxyType = 1;
			remoteGlobalIDString = 580B60A4215D2C3400A69E87;
			remoteInfo = BentoKit;
		};
/* End PBXContainerItemProxy section */

/* Begin PBXFileReference section */
		580B60A5215D2C3400A69E87 /* BentoKit.framework */ = {isa = PBXFileReference; explicitFileType = wrapper.framework; includeInIndex = 0; path = BentoKit.framework; sourceTree = BUILT_PRODUCTS_DIR; };
		580B60B4215D2CCB00A69E87 /* Bento.framework */ = {isa = PBXFileReference; explicitFileType = wrapper.framework; path = Bento.framework; sourceTree = BUILT_PRODUCTS_DIR; };
		580B612B215D2F6800A69E87 /* TitledDescription.swift */ = {isa = PBXFileReference; fileEncoding = 4; lastKnownFileType = sourcecode.swift; path = TitledDescription.swift; sourceTree = "<group>"; };
		580B6152215D3A0400A69E87 /* ReactiveSwift.framework */ = {isa = PBXFileReference; explicitFileType = wrapper.framework; path = ReactiveSwift.framework; sourceTree = BUILT_PRODUCTS_DIR; };
		580B6158215D3F1800A69E87 /* ReactiveCocoa.framework */ = {isa = PBXFileReference; explicitFileType = wrapper.framework; path = ReactiveCocoa.framework; sourceTree = BUILT_PRODUCTS_DIR; };
		580B6162215E3C1C00A69E87 /* NodeConstruction.swift */ = {isa = PBXFileReference; fileEncoding = 4; lastKnownFileType = sourcecode.swift; path = NodeConstruction.swift; sourceTree = "<group>"; };
		580B6173215E3FAF00A69E87 /* Bento.framework */ = {isa = PBXFileReference; explicitFileType = wrapper.framework; path = Bento.framework; sourceTree = BUILT_PRODUCTS_DIR; };
		580B6188215E585C00A69E87 /* Media.xcassets */ = {isa = PBXFileReference; lastKnownFileType = folder.assetcatalog; path = Media.xcassets; sourceTree = "<group>"; };
		587208D3216280A700C8E6DF /* Media.xcassets */ = {isa = PBXFileReference; lastKnownFileType = folder.assetcatalog; path = Media.xcassets; sourceTree = "<group>"; };
		587208ED2164DA4400C8E6DF /* DeleteAction.swift */ = {isa = PBXFileReference; lastKnownFileType = sourcecode.swift; path = DeleteAction.swift; sourceTree = "<group>"; };
		5880117721626DCD0084EE07 /* BentoKitTests.xctest */ = {isa = PBXFileReference; explicitFileType = wrapper.cfbundle; includeInIndex = 0; path = BentoKitTests.xctest; sourceTree = BUILT_PRODUCTS_DIR; };
		5880117B21626DCE0084EE07 /* Info.plist */ = {isa = PBXFileReference; lastKnownFileType = text.plist.xml; path = Info.plist; sourceTree = "<group>"; };
		58801186216271DA0084EE07 /* TitledDescriptionSnapshotTests.swift */ = {isa = PBXFileReference; fileEncoding = 4; lastKnownFileType = sourcecode.swift; path = TitledDescriptionSnapshotTests.swift; sourceTree = "<group>"; };
		5880118A216271DA0084EE07 /* TitledDescriptionLegacySnapshotTests.swift */ = {isa = PBXFileReference; fileEncoding = 4; lastKnownFileType = sourcecode.swift; path = TitledDescriptionLegacySnapshotTests.swift; sourceTree = "<group>"; };
		5880119A2162720D0084EE07 /* BabylonSnapshotTestsUtilities.framework */ = {isa = PBXFileReference; explicitFileType = wrapper.framework; path = BabylonSnapshotTestsUtilities.framework; sourceTree = BUILT_PRODUCTS_DIR; };
		5880119D216272C30084EE07 /* Device.swift */ = {isa = PBXFileReference; lastKnownFileType = sourcecode.swift; path = Device.swift; sourceTree = "<group>"; };
		5880119F2162740C0084EE07 /* FBSnapshotTestCaseExtensions.swift */ = {isa = PBXFileReference; lastKnownFileType = sourcecode.swift; path = FBSnapshotTestCaseExtensions.swift; sourceTree = "<group>"; };
		588011A121627D520084EE07 /* Result.framework */ = {isa = PBXFileReference; explicitFileType = wrapper.framework; path = Result.framework; sourceTree = BUILT_PRODUCTS_DIR; };
		588011A321627D570084EE07 /* ReactiveSwift.framework */ = {isa = PBXFileReference; explicitFileType = wrapper.framework; path = ReactiveSwift.framework; sourceTree = BUILT_PRODUCTS_DIR; };
		639430F94D2A3AB0B5FBBFF0 /* Pods_BentoKitTests.framework */ = {isa = PBXFileReference; explicitFileType = wrapper.framework; includeInIndex = 0; path = Pods_BentoKitTests.framework; sourceTree = BUILT_PRODUCTS_DIR; };
		65E4D8B2225D006300CA7CB3 /* BoxSizeCachingTableView.swift */ = {isa = PBXFileReference; fileEncoding = 4; lastKnownFileType = sourcecode.swift; path = BoxSizeCachingTableView.swift; sourceTree = "<group>"; };
		7468960822675DDD00363024 /* BentoKit.podspec */ = {isa = PBXFileReference; lastKnownFileType = text; name = BentoKit.podspec; path = ../BentoKit.podspec; sourceTree = "<group>"; };
		74CECF3222675C2D00EC6927 /* Bool+Assertions.swift */ = {isa = PBXFileReference; fileEncoding = 4; lastKnownFileType = sourcecode.swift; name = "Bool+Assertions.swift"; path = "../../Common/Bool+Assertions.swift"; sourceTree = "<group>"; };
		74CECF3322675C2E00EC6927 /* NSLayoutConstraintExtensions.swift */ = {isa = PBXFileReference; fileEncoding = 4; lastKnownFileType = sourcecode.swift; name = NSLayoutConstraintExtensions.swift; path = ../../Common/NSLayoutConstraintExtensions.swift; sourceTree = "<group>"; };
		74CECF3422675C2E00EC6927 /* UIViewExtensions.swift */ = {isa = PBXFileReference; fileEncoding = 4; lastKnownFileType = sourcecode.swift; name = UIViewExtensions.swift; path = ../../Common/UIViewExtensions.swift; sourceTree = "<group>"; };
		74CECF3522675C2E00EC6927 /* UIEdgeInsetsTests.swift */ = {isa = PBXFileReference; fileEncoding = 4; lastKnownFileType = sourcecode.swift; name = UIEdgeInsetsTests.swift; path = ../../Common/UIEdgeInsetsTests.swift; sourceTree = "<group>"; };
		74CECF3622675C2E00EC6927 /* With.swift */ = {isa = PBXFileReference; fileEncoding = 4; lastKnownFileType = sourcecode.swift; name = With.swift; path = ../../Common/With.swift; sourceTree = "<group>"; };
		A6113A7A2180C87400C6DB5A /* Framework.Debug.xcconfig */ = {isa = PBXFileReference; lastKnownFileType = text.xcconfig; path = Framework.Debug.xcconfig; sourceTree = "<group>"; };
		A6113A7B2180C87400C6DB5A /* Framework.Base.xcconfig */ = {isa = PBXFileReference; lastKnownFileType = text.xcconfig; path = Framework.Base.xcconfig; sourceTree = "<group>"; };
		A6113A7C2180C87400C6DB5A /* Framework.Release.xcconfig */ = {isa = PBXFileReference; lastKnownFileType = text.xcconfig; path = Framework.Release.xcconfig; sourceTree = "<group>"; };
		A6113A7D2180CD0100C6DB5A /* FBSnapshotTestCase.framework */ = {isa = PBXFileReference; explicitFileType = wrapper.framework; path = FBSnapshotTestCase.framework; sourceTree = BUILT_PRODUCTS_DIR; };
		A6EC2DA9218B28AA002B128F /* BoxAppearance.swift */ = {isa = PBXFileReference; fileEncoding = 4; lastKnownFileType = sourcecode.swift; path = BoxAppearance.swift; sourceTree = "<group>"; };
		A6EC2DAA218B28AA002B128F /* Screen.swift */ = {isa = PBXFileReference; fileEncoding = 4; lastKnownFileType = sourcecode.swift; path = Screen.swift; sourceTree = "<group>"; };
		A6EC2DAB218B28AA002B128F /* BoxViewModel.swift */ = {isa = PBXFileReference; fileEncoding = 4; lastKnownFileType = sourcecode.swift; path = BoxViewModel.swift; sourceTree = "<group>"; };
		A6EC2DAC218B28AA002B128F /* BoxViewController.swift */ = {isa = PBXFileReference; fileEncoding = 4; lastKnownFileType = sourcecode.swift; path = BoxViewController.swift; sourceTree = "<group>"; };
		A6EC2DAD218B28AA002B128F /* BoxRenderer.swift */ = {isa = PBXFileReference; fileEncoding = 4; lastKnownFileType = sourcecode.swift; path = BoxRenderer.swift; sourceTree = "<group>"; };
		A6EC2DB4218B28BF002B128F /* BoxViewControllerSnapshotTests.swift */ = {isa = PBXFileReference; fileEncoding = 4; lastKnownFileType = sourcecode.swift; path = BoxViewControllerSnapshotTests.swift; sourceTree = "<group>"; };
		A6EC2DB6218B2912002B128F /* UIViewAnimationOptions+Curve.swift */ = {isa = PBXFileReference; fileEncoding = 4; lastKnownFileType = sourcecode.swift; path = "UIViewAnimationOptions+Curve.swift"; sourceTree = "<group>"; };
		A6EC2DB7218B2912002B128F /* UIButton+Closure.swift */ = {isa = PBXFileReference; fileEncoding = 4; lastKnownFileType = sourcecode.swift; path = "UIButton+Closure.swift"; sourceTree = "<group>"; };
		A6EC2DBC218B298A002B128F /* HostWindow.swift */ = {isa = PBXFileReference; fileEncoding = 4; lastKnownFileType = sourcecode.swift; path = HostWindow.swift; sourceTree = "<group>"; };
/* End PBXFileReference section */

/* Begin PBXFrameworksBuildPhase section */
		580B60A2215D2C3400A69E87 /* Frameworks */ = {
			isa = PBXFrameworksBuildPhase;
			buildActionMask = 2147483647;
			files = (
				580B6159215D3F1800A69E87 /* ReactiveCocoa.framework in Frameworks */,
				580B6153215D3A0400A69E87 /* ReactiveSwift.framework in Frameworks */,
				580B60B5215D2CCB00A69E87 /* Bento.framework in Frameworks */,
			);
			runOnlyForDeploymentPostprocessing = 0;
		};
		5880117421626DCD0084EE07 /* Frameworks */ = {
			isa = PBXFrameworksBuildPhase;
			buildActionMask = 2147483647;
			files = (
				A6113A7E2180CD0100C6DB5A /* FBSnapshotTestCase.framework in Frameworks */,
				5880117C21626DCE0084EE07 /* BentoKit.framework in Frameworks */,
			);
			runOnlyForDeploymentPostprocessing = 0;
		};
/* End PBXFrameworksBuildPhase section */

/* Begin PBXGroup section */
		580B609B215D2C3300A69E87 = {
			isa = PBXGroup;
			children = (
				7468960822675DDD00363024 /* BentoKit.podspec */,
				580B60A7215D2C3400A69E87 /* BentoKit */,
				5880117821626DCE0084EE07 /* BentoKitTests */,
				A6113A792180C87400C6DB5A /* BuildConfigs */,
				580B60A6215D2C3400A69E87 /* Products */,
				580B60B1215D2CC100A69E87 /* Frameworks */,
			);
			sourceTree = "<group>";
		};
		580B60A6215D2C3400A69E87 /* Products */ = {
			isa = PBXGroup;
			children = (
				580B60A5215D2C3400A69E87 /* BentoKit.framework */,
				5880117721626DCD0084EE07 /* BentoKitTests.xctest */,
			);
			name = Products;
			sourceTree = "<group>";
		};
		580B60A7215D2C3400A69E87 /* BentoKit */ = {
			isa = PBXGroup;
			children = (
				580B60B0215D2C9C00A69E87 /* Components */,
				A6EC2DA8218B28AA002B128F /* Screen */,
				580B613E215D339600A69E87 /* Views */,
				580B613B215D2F7000A69E87 /* Helpers */,
				74CECF3122675C0C00EC6927 /* CommonUtils */,
				580B6187215E584100A69E87 /* Resources */,
			);
			path = BentoKit;
			sourceTree = "<group>";
		};
		580B60B0215D2C9C00A69E87 /* Components */ = {
			isa = PBXGroup;
			children = (
				580B612B215D2F6800A69E87 /* TitledDescription.swift */,
			);
			path = Components;
			sourceTree = "<group>";
		};
		580B60B1215D2CC100A69E87 /* Frameworks */ = {
			isa = PBXGroup;
			children = (
				A6113A7D2180CD0100C6DB5A /* FBSnapshotTestCase.framework */,
				588011A321627D570084EE07 /* ReactiveSwift.framework */,
				588011A121627D520084EE07 /* Result.framework */,
				5880119A2162720D0084EE07 /* BabylonSnapshotTestsUtilities.framework */,
				580B6173215E3FAF00A69E87 /* Bento.framework */,
				580B6158215D3F1800A69E87 /* ReactiveCocoa.framework */,
				580B6152215D3A0400A69E87 /* ReactiveSwift.framework */,
				580B60B4215D2CCB00A69E87 /* Bento.framework */,
				639430F94D2A3AB0B5FBBFF0 /* Pods_BentoKitTests.framework */,
			);
			name = Frameworks;
			sourceTree = "<group>";
		};
		580B613B215D2F7000A69E87 /* Helpers */ = {
			isa = PBXGroup;
			children = (
				580B6143215D34B400A69E87 /* Extensions */,
				580B6162215E3C1C00A69E87 /* NodeConstruction.swift */,
				587208ED2164DA4400C8E6DF /* DeleteAction.swift */,
			);
			path = Helpers;
			sourceTree = "<group>";
		};
		580B613E215D339600A69E87 /* Views */ = {
			isa = PBXGroup;
			children = (
				65E4D8B2225D006300CA7CB3 /* BoxSizeCachingTableView.swift */,
			);
			path = Views;
			sourceTree = "<group>";
		};
		580B6143215D34B400A69E87 /* Extensions */ = {
			isa = PBXGroup;
			children = (
				A6EC2DB7218B2912002B128F /* UIButton+Closure.swift */,
				A6EC2DB6218B2912002B128F /* UIViewAnimationOptions+Curve.swift */,
			);
			path = Extensions;
			sourceTree = "<group>";
		};
		580B6187215E584100A69E87 /* Resources */ = {
			isa = PBXGroup;
			children = (
				580B6188215E585C00A69E87 /* Media.xcassets */,
			);
			name = Resources;
			path = ../../Bento/Resources;
			sourceTree = "<group>";
		};
		5880117821626DCE0084EE07 /* BentoKitTests */ = {
			isa = PBXGroup;
			children = (
				5880118221626DD40084EE07 /* SnapshotTests */,
				5880117B21626DCE0084EE07 /* Info.plist */,
			);
			path = BentoKitTests;
			sourceTree = "<group>";
		};
		5880118221626DD40084EE07 /* SnapshotTests */ = {
			isa = PBXGroup;
			children = (
				587208D3216280A700C8E6DF /* Media.xcassets */,
				5880119C216272B80084EE07 /* Utilities */,
				588011832162711F0084EE07 /* Components */,
				A6EC2DB3218B28BF002B128F /* Screen */,
			);
			path = SnapshotTests;
			sourceTree = "<group>";
		};
		588011832162711F0084EE07 /* Components */ = {
			isa = PBXGroup;
			children = (
				58801186216271DA0084EE07 /* TitledDescriptionSnapshotTests.swift */,
				5880118A216271DA0084EE07 /* TitledDescriptionLegacySnapshotTests.swift */,
			);
			path = Components;
			sourceTree = "<group>";
		};
		5880119C216272B80084EE07 /* Utilities */ = {
			isa = PBXGroup;
			children = (
				A6EC2DBC218B298A002B128F /* HostWindow.swift */,
				5880119D216272C30084EE07 /* Device.swift */,
				5880119F2162740C0084EE07 /* FBSnapshotTestCaseExtensions.swift */,
			);
			path = Utilities;
			sourceTree = "<group>";
		};
		74CECF3122675C0C00EC6927 /* CommonUtils */ = {
			isa = PBXGroup;
			children = (
				74CECF3222675C2D00EC6927 /* Bool+Assertions.swift */,
				74CECF3322675C2E00EC6927 /* NSLayoutConstraintExtensions.swift */,
				74CECF3522675C2E00EC6927 /* UIEdgeInsetsTests.swift */,
				74CECF3422675C2E00EC6927 /* UIViewExtensions.swift */,
				74CECF3622675C2E00EC6927 /* With.swift */,
			);
			name = CommonUtils;
			sourceTree = "<group>";
		};
		A6113A792180C87400C6DB5A /* BuildConfigs */ = {
			isa = PBXGroup;
			children = (
				A6113A7A2180C87400C6DB5A /* Framework.Debug.xcconfig */,
				A6113A7B2180C87400C6DB5A /* Framework.Base.xcconfig */,
				A6113A7C2180C87400C6DB5A /* Framework.Release.xcconfig */,
			);
			name = BuildConfigs;
			path = ../BuildConfigs;
			sourceTree = "<group>";
		};
		A6EC2DA8218B28AA002B128F /* Screen */ = {
			isa = PBXGroup;
			children = (
				A6EC2DA9218B28AA002B128F /* BoxAppearance.swift */,
				A6EC2DAA218B28AA002B128F /* Screen.swift */,
				A6EC2DAB218B28AA002B128F /* BoxViewModel.swift */,
				A6EC2DAC218B28AA002B128F /* BoxViewController.swift */,
				A6EC2DAD218B28AA002B128F /* BoxRenderer.swift */,
			);
			path = Screen;
			sourceTree = "<group>";
		};
		A6EC2DB3218B28BF002B128F /* Screen */ = {
			isa = PBXGroup;
			children = (
				A6EC2DB4218B28BF002B128F /* BoxViewControllerSnapshotTests.swift */,
			);
			path = Screen;
			sourceTree = "<group>";
		};
/* End PBXGroup section */

/* Begin PBXHeadersBuildPhase section */
		580B60A0215D2C3400A69E87 /* Headers */ = {
			isa = PBXHeadersBuildPhase;
			buildActionMask = 2147483647;
			files = (
			);
			runOnlyForDeploymentPostprocessing = 0;
		};
/* End PBXHeadersBuildPhase section */

/* Begin PBXNativeTarget section */
		580B60A4215D2C3400A69E87 /* BentoKit */ = {
			isa = PBXNativeTarget;
			buildConfigurationList = 580B60AD215D2C3400A69E87 /* Build configuration list for PBXNativeTarget "BentoKit" */;
			buildPhases = (
				580B60A0215D2C3400A69E87 /* Headers */,
				580B60A1215D2C3400A69E87 /* Sources */,
				580B60A2215D2C3400A69E87 /* Frameworks */,
				580B60A3215D2C3400A69E87 /* Resources */,
			);
			buildRules = (
			);
			dependencies = (
			);
			name = BentoKit;
			productName = BentoKit;
			productReference = 580B60A5215D2C3400A69E87 /* BentoKit.framework */;
			productType = "com.apple.product-type.framework";
		};
		5880117621626DCD0084EE07 /* BentoKitTests */ = {
			isa = PBXNativeTarget;
			buildConfigurationList = 5880118121626DCE0084EE07 /* Build configuration list for PBXNativeTarget "BentoKitTests" */;
			buildPhases = (
				5880117321626DCD0084EE07 /* Sources */,
				5880117421626DCD0084EE07 /* Frameworks */,
				5880117521626DCD0084EE07 /* Resources */,
			);
			buildRules = (
			);
			dependencies = (
				5880117E21626DCE0084EE07 /* PBXTargetDependency */,
			);
			name = BentoKitTests;
			productName = BentoKitTests;
			productReference = 5880117721626DCD0084EE07 /* BentoKitTests.xctest */;
			productType = "com.apple.product-type.bundle.unit-test";
		};
/* End PBXNativeTarget section */

/* Begin PBXProject section */
		580B609C215D2C3300A69E87 /* Project object */ = {
			isa = PBXProject;
			attributes = {
				DefaultBuildSystemTypeForWorkspace = Latest;
				LastSwiftUpdateCheck = 1000;
				LastUpgradeCheck = 1010;
				ORGANIZATIONNAME = babylonhealth;
				TargetAttributes = {
					580B60A4215D2C3400A69E87 = {
						CreatedOnToolsVersion = 10.0;
						LastSwiftMigration = 1000;
					};
					5880117621626DCD0084EE07 = {
						CreatedOnToolsVersion = 10.0;
						LastSwiftMigration = 1000;
					};
				};
			};
			buildConfigurationList = 580B609F215D2C3300A69E87 /* Build configuration list for PBXProject "BentoKit" */;
			compatibilityVersion = "Xcode 9.3";
			developmentRegion = en;
			hasScannedForEncodings = 0;
			knownRegions = (
				en,
			);
			mainGroup = 580B609B215D2C3300A69E87;
			productRefGroup = 580B60A6215D2C3400A69E87 /* Products */;
			projectDirPath = "";
			projectRoot = "";
			targets = (
				580B60A4215D2C3400A69E87 /* BentoKit */,
				5880117621626DCD0084EE07 /* BentoKitTests */,
			);
		};
/* End PBXProject section */

/* Begin PBXResourcesBuildPhase section */
		580B60A3215D2C3400A69E87 /* Resources */ = {
			isa = PBXResourcesBuildPhase;
			buildActionMask = 2147483647;
			files = (
				580B6189215E585C00A69E87 /* Media.xcassets in Resources */,
			);
			runOnlyForDeploymentPostprocessing = 0;
		};
		5880117521626DCD0084EE07 /* Resources */ = {
			isa = PBXResourcesBuildPhase;
			buildActionMask = 2147483647;
			files = (
				587208D4216280A700C8E6DF /* Media.xcassets in Resources */,
			);
			runOnlyForDeploymentPostprocessing = 0;
		};
/* End PBXResourcesBuildPhase section */

/* Begin PBXSourcesBuildPhase section */
		580B60A1215D2C3400A69E87 /* Sources */ = {
			isa = PBXSourcesBuildPhase;
			buildActionMask = 2147483647;
			files = (
				A6EC2DAF218B28AA002B128F /* Screen.swift in Sources */,
				74CECF3B22675C2E00EC6927 /* With.swift in Sources */,
				580B6138215D2F6800A69E87 /* TitledDescription.swift in Sources */,
				A6EC2DAE218B28AA002B128F /* BoxAppearance.swift in Sources */,
				A6EC2DB9218B2912002B128F /* UIViewAnimationOptions+Curve.swift in Sources */,
				A6EC2DB1218B28AA002B128F /* BoxViewController.swift in Sources */,
				A6EC2DBA218B2912002B128F /* UIButton+Closure.swift in Sources */,
				74CECF3A22675C2E00EC6927 /* UIEdgeInsetsTests.swift in Sources */,
				74CECF3822675C2E00EC6927 /* NSLayoutConstraintExtensions.swift in Sources */,
				580B6165215E3C1D00A69E87 /* NodeConstruction.swift in Sources */,
				74CECF3922675C2E00EC6927 /* UIViewExtensions.swift in Sources */,
				587208EE2164DA4400C8E6DF /* DeleteAction.swift in Sources */,
				65E4D8B3225D006300CA7CB3 /* BoxSizeCachingTableView.swift in Sources */,
				A6EC2DB0218B28AA002B128F /* BoxViewModel.swift in Sources */,
				74CECF3722675C2E00EC6927 /* Bool+Assertions.swift in Sources */,
				A6EC2DB2218B28AA002B128F /* BoxRenderer.swift in Sources */,
			);
			runOnlyForDeploymentPostprocessing = 0;
		};
		5880117321626DCD0084EE07 /* Sources */ = {
			isa = PBXSourcesBuildPhase;
			buildActionMask = 2147483647;
			files = (
				5880119E216272C30084EE07 /* Device.swift in Sources */,
				58801195216271DB0084EE07 /* TitledDescriptionLegacySnapshotTests.swift in Sources */,
				588011A02162740C0084EE07 /* FBSnapshotTestCaseExtensions.swift in Sources */,
				A6EC2DBD218B298B002B128F /* HostWindow.swift in Sources */,
				58801191216271DB0084EE07 /* TitledDescriptionSnapshotTests.swift in Sources */,
				A6EC2DB5218B28BF002B128F /* BoxViewControllerSnapshotTests.swift in Sources */,
			);
			runOnlyForDeploymentPostprocessing = 0;
		};
/* End PBXSourcesBuildPhase section */

/* Begin PBXTargetDependency section */
		5880117E21626DCE0084EE07 /* PBXTargetDependency */ = {
			isa = PBXTargetDependency;
			target = 580B60A4215D2C3400A69E87 /* BentoKit */;
			targetProxy = 5880117D21626DCE0084EE07 /* PBXContainerItemProxy */;
		};
/* End PBXTargetDependency section */

/* Begin XCBuildConfiguration section */
		580B60AB215D2C3400A69E87 /* Debug */ = {
			isa = XCBuildConfiguration;
			buildSettings = {
				ALWAYS_SEARCH_USER_PATHS = NO;
				CLANG_ANALYZER_NONNULL = YES;
				CLANG_ANALYZER_NUMBER_OBJECT_CONVERSION = YES_AGGRESSIVE;
				CLANG_CXX_LANGUAGE_STANDARD = "gnu++14";
				CLANG_CXX_LIBRARY = "libc++";
				CLANG_ENABLE_MODULES = YES;
				CLANG_ENABLE_OBJC_ARC = YES;
				CLANG_ENABLE_OBJC_WEAK = YES;
				CLANG_WARN_BLOCK_CAPTURE_AUTORELEASING = YES;
				CLANG_WARN_BOOL_CONVERSION = YES;
				CLANG_WARN_COMMA = YES;
				CLANG_WARN_CONSTANT_CONVERSION = YES;
				CLANG_WARN_DEPRECATED_OBJC_IMPLEMENTATIONS = YES;
				CLANG_WARN_DIRECT_OBJC_ISA_USAGE = YES_ERROR;
				CLANG_WARN_DOCUMENTATION_COMMENTS = YES;
				CLANG_WARN_EMPTY_BODY = YES;
				CLANG_WARN_ENUM_CONVERSION = YES;
				CLANG_WARN_INFINITE_RECURSION = YES;
				CLANG_WARN_INT_CONVERSION = YES;
				CLANG_WARN_NON_LITERAL_NULL_CONVERSION = YES;
				CLANG_WARN_OBJC_IMPLICIT_RETAIN_SELF = YES;
				CLANG_WARN_OBJC_LITERAL_CONVERSION = YES;
				CLANG_WARN_OBJC_ROOT_CLASS = YES_ERROR;
				CLANG_WARN_RANGE_LOOP_ANALYSIS = YES;
				CLANG_WARN_STRICT_PROTOTYPES = YES;
				CLANG_WARN_SUSPICIOUS_MOVE = YES;
				CLANG_WARN_UNGUARDED_AVAILABILITY = YES_AGGRESSIVE;
				CLANG_WARN_UNREACHABLE_CODE = YES;
				CLANG_WARN__DUPLICATE_METHOD_MATCH = YES;
				CODE_SIGN_IDENTITY = "iPhone Developer";
				COPY_PHASE_STRIP = NO;
				CURRENT_PROJECT_VERSION = 1;
				DEBUG_INFORMATION_FORMAT = dwarf;
				ENABLE_STRICT_OBJC_MSGSEND = YES;
				ENABLE_TESTABILITY = YES;
				GCC_C_LANGUAGE_STANDARD = gnu11;
				GCC_DYNAMIC_NO_PIC = NO;
				GCC_NO_COMMON_BLOCKS = YES;
				GCC_OPTIMIZATION_LEVEL = 0;
				GCC_PREPROCESSOR_DEFINITIONS = (
					"DEBUG=1",
					"$(inherited)",
				);
				GCC_WARN_64_TO_32_BIT_CONVERSION = YES;
				GCC_WARN_ABOUT_RETURN_TYPE = YES_ERROR;
				GCC_WARN_UNDECLARED_SELECTOR = YES;
				GCC_WARN_UNINITIALIZED_AUTOS = YES_AGGRESSIVE;
				GCC_WARN_UNUSED_FUNCTION = YES;
				GCC_WARN_UNUSED_VARIABLE = YES;
				IPHONEOS_DEPLOYMENT_TARGET = 11.0;
				MTL_ENABLE_DEBUG_INFO = INCLUDE_SOURCE;
				MTL_FAST_MATH = YES;
				ONLY_ACTIVE_ARCH = YES;
				SDKROOT = iphoneos;
				SWIFT_ACTIVE_COMPILATION_CONDITIONS = DEBUG;
				SWIFT_OPTIMIZATION_LEVEL = "-Onone";
				VERSIONING_SYSTEM = "apple-generic";
				VERSION_INFO_PREFIX = "";
			};
			name = Debug;
		};
		580B60AC215D2C3400A69E87 /* Release */ = {
			isa = XCBuildConfiguration;
			buildSettings = {
				ALWAYS_SEARCH_USER_PATHS = NO;
				CLANG_ANALYZER_NONNULL = YES;
				CLANG_ANALYZER_NUMBER_OBJECT_CONVERSION = YES_AGGRESSIVE;
				CLANG_CXX_LANGUAGE_STANDARD = "gnu++14";
				CLANG_CXX_LIBRARY = "libc++";
				CLANG_ENABLE_MODULES = YES;
				CLANG_ENABLE_OBJC_ARC = YES;
				CLANG_ENABLE_OBJC_WEAK = YES;
				CLANG_WARN_BLOCK_CAPTURE_AUTORELEASING = YES;
				CLANG_WARN_BOOL_CONVERSION = YES;
				CLANG_WARN_COMMA = YES;
				CLANG_WARN_CONSTANT_CONVERSION = YES;
				CLANG_WARN_DEPRECATED_OBJC_IMPLEMENTATIONS = YES;
				CLANG_WARN_DIRECT_OBJC_ISA_USAGE = YES_ERROR;
				CLANG_WARN_DOCUMENTATION_COMMENTS = YES;
				CLANG_WARN_EMPTY_BODY = YES;
				CLANG_WARN_ENUM_CONVERSION = YES;
				CLANG_WARN_INFINITE_RECURSION = YES;
				CLANG_WARN_INT_CONVERSION = YES;
				CLANG_WARN_NON_LITERAL_NULL_CONVERSION = YES;
				CLANG_WARN_OBJC_IMPLICIT_RETAIN_SELF = YES;
				CLANG_WARN_OBJC_LITERAL_CONVERSION = YES;
				CLANG_WARN_OBJC_ROOT_CLASS = YES_ERROR;
				CLANG_WARN_RANGE_LOOP_ANALYSIS = YES;
				CLANG_WARN_STRICT_PROTOTYPES = YES;
				CLANG_WARN_SUSPICIOUS_MOVE = YES;
				CLANG_WARN_UNGUARDED_AVAILABILITY = YES_AGGRESSIVE;
				CLANG_WARN_UNREACHABLE_CODE = YES;
				CLANG_WARN__DUPLICATE_METHOD_MATCH = YES;
				CODE_SIGN_IDENTITY = "iPhone Developer";
				COPY_PHASE_STRIP = NO;
				CURRENT_PROJECT_VERSION = 1;
				DEBUG_INFORMATION_FORMAT = "dwarf-with-dsym";
				ENABLE_NS_ASSERTIONS = NO;
				ENABLE_STRICT_OBJC_MSGSEND = YES;
				GCC_C_LANGUAGE_STANDARD = gnu11;
				GCC_NO_COMMON_BLOCKS = YES;
				GCC_WARN_64_TO_32_BIT_CONVERSION = YES;
				GCC_WARN_ABOUT_RETURN_TYPE = YES_ERROR;
				GCC_WARN_UNDECLARED_SELECTOR = YES;
				GCC_WARN_UNINITIALIZED_AUTOS = YES_AGGRESSIVE;
				GCC_WARN_UNUSED_FUNCTION = YES;
				GCC_WARN_UNUSED_VARIABLE = YES;
				IPHONEOS_DEPLOYMENT_TARGET = 11.0;
				MTL_ENABLE_DEBUG_INFO = NO;
				MTL_FAST_MATH = YES;
				SDKROOT = iphoneos;
				SWIFT_OPTIMIZATION_LEVEL = "-Onone";
				VALIDATE_PRODUCT = YES;
				VERSIONING_SYSTEM = "apple-generic";
				VERSION_INFO_PREFIX = "";
			};
			name = Release;
		};
		580B60AE215D2C3400A69E87 /* Debug */ = {
			isa = XCBuildConfiguration;
			baseConfigurationReference = A6113A7A2180C87400C6DB5A /* Framework.Debug.xcconfig */;
			buildSettings = {
				CLANG_ENABLE_MODULES = YES;
				DYLIB_COMPATIBILITY_VERSION = 1;
				DYLIB_CURRENT_VERSION = 1;
				INFOPLIST_FILE = BentoKit/Info.plist;
				INSTALL_PATH = "$(LOCAL_LIBRARY_DIR)/Frameworks";
				PRODUCT_BUNDLE_IDENTIFIER = com.babylonhealth.BentoKit;
				PRODUCT_NAME = "$(TARGET_NAME:c99extidentifier)";
				SKIP_INSTALL = YES;
				SWIFT_VERSION = 4.2;
				TARGETED_DEVICE_FAMILY = "1,2";
			};
			name = Debug;
		};
		580B60AF215D2C3400A69E87 /* Release */ = {
			isa = XCBuildConfiguration;
			baseConfigurationReference = A6113A7C2180C87400C6DB5A /* Framework.Release.xcconfig */;
			buildSettings = {
				CLANG_ENABLE_MODULES = YES;
				DYLIB_COMPATIBILITY_VERSION = 1;
				DYLIB_CURRENT_VERSION = 1;
				INFOPLIST_FILE = BentoKit/Info.plist;
				INSTALL_PATH = "$(LOCAL_LIBRARY_DIR)/Frameworks";
				PRODUCT_BUNDLE_IDENTIFIER = com.babylonhealth.BentoKit;
				PRODUCT_NAME = "$(TARGET_NAME:c99extidentifier)";
				SKIP_INSTALL = YES;
				SWIFT_VERSION = 4.2;
				TARGETED_DEVICE_FAMILY = "1,2";
			};
			name = Release;
		};
		5880117F21626DCE0084EE07 /* Debug */ = {
			isa = XCBuildConfiguration;
			buildSettings = {
				CODE_SIGN_STYLE = Automatic;
				DEBUG_INFORMATION_FORMAT = dwarf;
				DEVELOPMENT_TEAM = XV8PWA37TZ;
				INFOPLIST_FILE = BentoKitTests/Info.plist;
				LD_RUNPATH_SEARCH_PATHS = (
					"$(inherited)",
					"@executable_path/Frameworks",
					"@loader_path/Frameworks",
				);
				PRODUCT_BUNDLE_IDENTIFIER = com.babylonhealth.BentoKitTests;
				PRODUCT_NAME = "$(TARGET_NAME)";
				SWIFT_VERSION = 4.2;
				TARGETED_DEVICE_FAMILY = "1,2";
			};
			name = Debug;
		};
		5880118021626DCE0084EE07 /* Release */ = {
			isa = XCBuildConfiguration;
			buildSettings = {
				CODE_SIGN_STYLE = Automatic;
				DEBUG_INFORMATION_FORMAT = dwarf;
				DEVELOPMENT_TEAM = XV8PWA37TZ;
				INFOPLIST_FILE = BentoKitTests/Info.plist;
				LD_RUNPATH_SEARCH_PATHS = (
					"$(inherited)",
					"@executable_path/Frameworks",
					"@loader_path/Frameworks",
				);
				PRODUCT_BUNDLE_IDENTIFIER = com.babylonhealth.BentoKitTests;
				PRODUCT_NAME = "$(TARGET_NAME)";
				SWIFT_VERSION = 4.2;
				TARGETED_DEVICE_FAMILY = "1,2";
			};
			name = Release;
		};
/* End XCBuildConfiguration section */

/* Begin XCConfigurationList section */
		580B609F215D2C3300A69E87 /* Build configuration list for PBXProject "BentoKit" */ = {
			isa = XCConfigurationList;
			buildConfigurations = (
				580B60AB215D2C3400A69E87 /* Debug */,
				580B60AC215D2C3400A69E87 /* Release */,
			);
			defaultConfigurationIsVisible = 0;
			defaultConfigurationName = Release;
		};
		580B60AD215D2C3400A69E87 /* Build configuration list for PBXNativeTarget "BentoKit" */ = {
			isa = XCConfigurationList;
			buildConfigurations = (
				580B60AE215D2C3400A69E87 /* Debug */,
				580B60AF215D2C3400A69E87 /* Release */,
			);
			defaultConfigurationIsVisible = 0;
			defaultConfigurationName = Release;
		};
		5880118121626DCE0084EE07 /* Build configuration list for PBXNativeTarget "BentoKitTests" */ = {
			isa = XCConfigurationList;
			buildConfigurations = (
				5880117F21626DCE0084EE07 /* Debug */,
				5880118021626DCE0084EE07 /* Release */,
			);
			defaultConfigurationIsVisible = 0;
			defaultConfigurationName = Release;
		};
/* End XCConfigurationList section */
	};
	rootObject = 580B609C215D2C3300A69E87 /* Project object */;
}
